
Microsoft Visual Studio Solution File, Format Version 12.00
# Visual Studio 15
VisualStudioVersion = 15.0.27428.1
MinimumVisualStudioVersion = 10.0.40219.1
Project("{FAE04EC0-301F-11D3-BF4B-00C04F79EFBC}") = "Cours1Object", "Cours1Object\Cours1Object.csproj", "{D2B9F2EF-912A-4FC7-9775-C3E79AC3E71D}"
EndProject
Project("{FAE04EC0-301F-11D3-BF4B-00C04F79EFBC}") = "Cours2Objet", "Cours2Objet\Cours2Objet.csproj", "{6DC3E25B-C747-479C-81EB-DA9DD55EE92F}"
EndProject
Global
	GlobalSection(SolutionConfigurationPlatforms) = preSolution
		Debug|Any CPU = Debug|Any CPU
		Release|Any CPU = Release|Any CPU
	EndGlobalSection
	GlobalSection(ProjectConfigurationPlatforms) = postSolution
		{D2B9F2EF-912A-4FC7-9775-C3E79AC3E71D}.Debug|Any CPU.ActiveCfg = Debug|Any CPU
		{D2B9F2EF-912A-4FC7-9775-C3E79AC3E71D}.Debug|Any CPU.Build.0 = Debug|Any CPU
		{D2B9F2EF-912A-4FC7-9775-C3E79AC3E71D}.Release|Any CPU.ActiveCfg = Release|Any CPU
		{D2B9F2EF-912A-4FC7-9775-C3E79AC3E71D}.Release|Any CPU.Build.0 = Release|Any CPU
		{6DC3E25B-C747-479C-81EB-DA9DD55EE92F}.Debug|Any CPU.ActiveCfg = Debug|Any CPU
		{6DC3E25B-C747-479C-81EB-DA9DD55EE92F}.Debug|Any CPU.Build.0 = Debug|Any CPU
		{6DC3E25B-C747-479C-81EB-DA9DD55EE92F}.Release|Any CPU.ActiveCfg = Release|Any CPU
		{6DC3E25B-C747-479C-81EB-DA9DD55EE92F}.Release|Any CPU.Build.0 = Release|Any CPU
	EndGlobalSection
	GlobalSection(SolutionProperties) = preSolution
		HideSolutionNode = FALSE
	EndGlobalSection
	GlobalSection(ExtensibilityGlobals) = postSolution
		SolutionGuid = {089044E8-3086-4569-949D-DFF8EF82DDBB}
	EndGlobalSection
EndGlobal
