
Microsoft Visual Studio Solution File, Format Version 12.00
# Visual Studio 15
VisualStudioVersion = 15.0.27428.1
MinimumVisualStudioVersion = 10.0.40219.1
Project("{FAE04EC0-301F-11D3-BF4B-00C04F79EFBC}") = "Cours1Object", "Cours1Object\Cours1Object.csproj", "{D2B9F2EF-912A-4FC7-9775-C3E79AC3E71D}"
EndProject
Project("{FAE04EC0-301F-11D3-BF4B-00C04F79EFBC}") = "Cours2Object", "Cours2Objet\Cours2Object.csproj", "{6DC3E25B-C747-479C-81EB-DA9DD55EE92F}"
EndProject
Project("{FAE04EC0-301F-11D3-BF4B-00C04F79EFBC}") = "Cours2Object Exercice", "Cours2Object Exercice\Cours2Object Exercice.csproj", "{E2F30839-C5AD-4AD1-9118-2FD3A3CF5FE0}"
EndProject
Project("{FAE04EC0-301F-11D3-BF4B-00C04F79EFBC}") = "Cours2Object Exercice 2", "Cours2Object Exercice 2\Cours2Object Exercice 2.csproj", "{6BB8D733-77B3-4BA8-9C45-F299467C9084}"
EndProject
Project("{FAE04EC0-301F-11D3-BF4B-00C04F79EFBC}") = "Cours3Object (Encapsulation)", "Cours3Objet\Cours3Object (Encapsulation).csproj", "{8C3738BC-6D43-4DA8-A27C-3DDE7BC905C5}"
EndProject
Project("{FAE04EC0-301F-11D3-BF4B-00C04F79EFBC}") = "Cours3Object Exercice", "Cours3 Exercice\Cours3Object Exercice.csproj", "{B0ADE72F-CE42-442E-AB11-96E8E3852152}"
EndProject
Project("{FAE04EC0-301F-11D3-BF4B-00C04F79EFBC}") = "Cours3Object Exercice 2", "Cours3Object Exercice 2\Cours3Object Exercice 2.csproj", "{88CB77EE-214F-4454-AEED-E0B2306C16A6}"
EndProject
Project("{FAE04EC0-301F-11D3-BF4B-00C04F79EFBC}") = "LibS3", "LibS3\LibS3.csproj", "{4DABB73B-170D-4EFB-B0F2-687E03E1AC2C}"
EndProject
Project("{FAE04EC0-301F-11D3-BF4B-00C04F79EFBC}") = "Cours4Object", "Cours4Object\Cours4Object.csproj", "{B8C7CFE8-ED4C-4C86-B9CC-220261B1E73C}"
EndProject
Project("{FAE04EC0-301F-11D3-BF4B-00C04F79EFBC}") = "Cours4Object Exercice", "Cours4Object Exercice\Cours4Object Exercice.csproj", "{AE06B709-0BF2-4708-9E3F-00733157EAE3}"
EndProject
Project("{FAE04EC0-301F-11D3-BF4B-00C04F79EFBC}") = "Cours6Object", "Cours6Object\Cours6Object.csproj", "{3B619F58-FA20-4ACB-AF3F-A47FF8B4B819}"
EndProject
Project("{FAE04EC0-301F-11D3-BF4B-00C04F79EFBC}") = "Cours6Object Exercice", "Cours6Object Exercice\Cours6Object Exercice.csproj", "{0A4BC443-9F13-4F96-9071-15F2D48A6EBA}"
EndProject
Project("{FAE04EC0-301F-11D3-BF4B-00C04F79EFBC}") = "Cours7Object", "Cours7Object\Cours7Object.csproj", "{8D5466A4-333A-436F-A645-16246DBDD426}"
EndProject
Project("{FAE04EC0-301F-11D3-BF4B-00C04F79EFBC}") = "Cours7Object Exercice", "Cours7Object Exercice\Cours7Object Exercice.csproj", "{27C5BDBF-F4FE-4120-BE2C-780877E3C573}"
EndProject
Project("{FAE04EC0-301F-11D3-BF4B-00C04F79EFBC}") = "Cours7Object Exercice2", "Cours7Object Exercice2\Cours7Object Exercice2.csproj", "{69D2A54D-0A36-46E5-BE91-3D56F316FE91}"
EndProject
Project("{FAE04EC0-301F-11D3-BF4B-00C04F79EFBC}") = "LipPersoS3", "LipPersoS3\LipPersoS3.csproj", "{D181E354-191B-4865-B762-CE366B9E83FC}"
EndProject
Project("{FAE04EC0-301F-11D3-BF4B-00C04F79EFBC}") = "App2.UWP", "App2\App2.UWP\App2.UWP.csproj", "{3EDA778B-5558-4080-90BD-122429C895AD}"
EndProject
Global
	GlobalSection(SolutionConfigurationPlatforms) = preSolution
		Ad-Hoc|Any CPU = Ad-Hoc|Any CPU
		Ad-Hoc|ARM = Ad-Hoc|ARM
		Ad-Hoc|iPhone = Ad-Hoc|iPhone
		Ad-Hoc|iPhoneSimulator = Ad-Hoc|iPhoneSimulator
		Ad-Hoc|x64 = Ad-Hoc|x64
		Ad-Hoc|x86 = Ad-Hoc|x86
		AppStore|Any CPU = AppStore|Any CPU
		AppStore|ARM = AppStore|ARM
		AppStore|iPhone = AppStore|iPhone
		AppStore|iPhoneSimulator = AppStore|iPhoneSimulator
		AppStore|x64 = AppStore|x64
		AppStore|x86 = AppStore|x86
		Debug|Any CPU = Debug|Any CPU
		Debug|ARM = Debug|ARM
		Debug|iPhone = Debug|iPhone
		Debug|iPhoneSimulator = Debug|iPhoneSimulator
		Debug|x64 = Debug|x64
		Debug|x86 = Debug|x86
		Release|Any CPU = Release|Any CPU
		Release|ARM = Release|ARM
		Release|iPhone = Release|iPhone
		Release|iPhoneSimulator = Release|iPhoneSimulator
		Release|x64 = Release|x64
		Release|x86 = Release|x86
	EndGlobalSection
	GlobalSection(ProjectConfigurationPlatforms) = postSolution
		{D2B9F2EF-912A-4FC7-9775-C3E79AC3E71D}.Ad-Hoc|Any CPU.ActiveCfg = Release|Any CPU
		{D2B9F2EF-912A-4FC7-9775-C3E79AC3E71D}.Ad-Hoc|Any CPU.Build.0 = Release|Any CPU
		{D2B9F2EF-912A-4FC7-9775-C3E79AC3E71D}.Ad-Hoc|ARM.ActiveCfg = Release|Any CPU
		{D2B9F2EF-912A-4FC7-9775-C3E79AC3E71D}.Ad-Hoc|ARM.Build.0 = Release|Any CPU
		{D2B9F2EF-912A-4FC7-9775-C3E79AC3E71D}.Ad-Hoc|iPhone.ActiveCfg = Release|Any CPU
		{D2B9F2EF-912A-4FC7-9775-C3E79AC3E71D}.Ad-Hoc|iPhone.Build.0 = Release|Any CPU
		{D2B9F2EF-912A-4FC7-9775-C3E79AC3E71D}.Ad-Hoc|iPhoneSimulator.ActiveCfg = Release|Any CPU
		{D2B9F2EF-912A-4FC7-9775-C3E79AC3E71D}.Ad-Hoc|iPhoneSimulator.Build.0 = Release|Any CPU
		{D2B9F2EF-912A-4FC7-9775-C3E79AC3E71D}.Ad-Hoc|x64.ActiveCfg = Release|Any CPU
		{D2B9F2EF-912A-4FC7-9775-C3E79AC3E71D}.Ad-Hoc|x64.Build.0 = Release|Any CPU
		{D2B9F2EF-912A-4FC7-9775-C3E79AC3E71D}.Ad-Hoc|x86.ActiveCfg = Release|Any CPU
		{D2B9F2EF-912A-4FC7-9775-C3E79AC3E71D}.Ad-Hoc|x86.Build.0 = Release|Any CPU
		{D2B9F2EF-912A-4FC7-9775-C3E79AC3E71D}.AppStore|Any CPU.ActiveCfg = Release|Any CPU
		{D2B9F2EF-912A-4FC7-9775-C3E79AC3E71D}.AppStore|Any CPU.Build.0 = Release|Any CPU
		{D2B9F2EF-912A-4FC7-9775-C3E79AC3E71D}.AppStore|ARM.ActiveCfg = Release|Any CPU
		{D2B9F2EF-912A-4FC7-9775-C3E79AC3E71D}.AppStore|ARM.Build.0 = Release|Any CPU
		{D2B9F2EF-912A-4FC7-9775-C3E79AC3E71D}.AppStore|iPhone.ActiveCfg = Release|Any CPU
		{D2B9F2EF-912A-4FC7-9775-C3E79AC3E71D}.AppStore|iPhone.Build.0 = Release|Any CPU
		{D2B9F2EF-912A-4FC7-9775-C3E79AC3E71D}.AppStore|iPhoneSimulator.ActiveCfg = Release|Any CPU
		{D2B9F2EF-912A-4FC7-9775-C3E79AC3E71D}.AppStore|iPhoneSimulator.Build.0 = Release|Any CPU
		{D2B9F2EF-912A-4FC7-9775-C3E79AC3E71D}.AppStore|x64.ActiveCfg = Release|Any CPU
		{D2B9F2EF-912A-4FC7-9775-C3E79AC3E71D}.AppStore|x64.Build.0 = Release|Any CPU
		{D2B9F2EF-912A-4FC7-9775-C3E79AC3E71D}.AppStore|x86.ActiveCfg = Release|Any CPU
		{D2B9F2EF-912A-4FC7-9775-C3E79AC3E71D}.AppStore|x86.Build.0 = Release|Any CPU
		{D2B9F2EF-912A-4FC7-9775-C3E79AC3E71D}.Debug|Any CPU.ActiveCfg = Debug|Any CPU
		{D2B9F2EF-912A-4FC7-9775-C3E79AC3E71D}.Debug|Any CPU.Build.0 = Debug|Any CPU
		{D2B9F2EF-912A-4FC7-9775-C3E79AC3E71D}.Debug|ARM.ActiveCfg = Debug|Any CPU
		{D2B9F2EF-912A-4FC7-9775-C3E79AC3E71D}.Debug|ARM.Build.0 = Debug|Any CPU
		{D2B9F2EF-912A-4FC7-9775-C3E79AC3E71D}.Debug|iPhone.ActiveCfg = Debug|Any CPU
		{D2B9F2EF-912A-4FC7-9775-C3E79AC3E71D}.Debug|iPhone.Build.0 = Debug|Any CPU
		{D2B9F2EF-912A-4FC7-9775-C3E79AC3E71D}.Debug|iPhoneSimulator.ActiveCfg = Debug|Any CPU
		{D2B9F2EF-912A-4FC7-9775-C3E79AC3E71D}.Debug|iPhoneSimulator.Build.0 = Debug|Any CPU
		{D2B9F2EF-912A-4FC7-9775-C3E79AC3E71D}.Debug|x64.ActiveCfg = Debug|Any CPU
		{D2B9F2EF-912A-4FC7-9775-C3E79AC3E71D}.Debug|x64.Build.0 = Debug|Any CPU
		{D2B9F2EF-912A-4FC7-9775-C3E79AC3E71D}.Debug|x86.ActiveCfg = Debug|Any CPU
		{D2B9F2EF-912A-4FC7-9775-C3E79AC3E71D}.Debug|x86.Build.0 = Debug|Any CPU
		{D2B9F2EF-912A-4FC7-9775-C3E79AC3E71D}.Release|Any CPU.ActiveCfg = Release|Any CPU
		{D2B9F2EF-912A-4FC7-9775-C3E79AC3E71D}.Release|Any CPU.Build.0 = Release|Any CPU
		{D2B9F2EF-912A-4FC7-9775-C3E79AC3E71D}.Release|ARM.ActiveCfg = Release|Any CPU
		{D2B9F2EF-912A-4FC7-9775-C3E79AC3E71D}.Release|ARM.Build.0 = Release|Any CPU
		{D2B9F2EF-912A-4FC7-9775-C3E79AC3E71D}.Release|iPhone.ActiveCfg = Release|Any CPU
		{D2B9F2EF-912A-4FC7-9775-C3E79AC3E71D}.Release|iPhone.Build.0 = Release|Any CPU
		{D2B9F2EF-912A-4FC7-9775-C3E79AC3E71D}.Release|iPhoneSimulator.ActiveCfg = Release|Any CPU
		{D2B9F2EF-912A-4FC7-9775-C3E79AC3E71D}.Release|iPhoneSimulator.Build.0 = Release|Any CPU
		{D2B9F2EF-912A-4FC7-9775-C3E79AC3E71D}.Release|x64.ActiveCfg = Release|Any CPU
		{D2B9F2EF-912A-4FC7-9775-C3E79AC3E71D}.Release|x64.Build.0 = Release|Any CPU
		{D2B9F2EF-912A-4FC7-9775-C3E79AC3E71D}.Release|x86.ActiveCfg = Release|Any CPU
		{D2B9F2EF-912A-4FC7-9775-C3E79AC3E71D}.Release|x86.Build.0 = Release|Any CPU
		{6DC3E25B-C747-479C-81EB-DA9DD55EE92F}.Ad-Hoc|Any CPU.ActiveCfg = Release|Any CPU
		{6DC3E25B-C747-479C-81EB-DA9DD55EE92F}.Ad-Hoc|Any CPU.Build.0 = Release|Any CPU
		{6DC3E25B-C747-479C-81EB-DA9DD55EE92F}.Ad-Hoc|ARM.ActiveCfg = Release|Any CPU
		{6DC3E25B-C747-479C-81EB-DA9DD55EE92F}.Ad-Hoc|ARM.Build.0 = Release|Any CPU
		{6DC3E25B-C747-479C-81EB-DA9DD55EE92F}.Ad-Hoc|iPhone.ActiveCfg = Release|Any CPU
		{6DC3E25B-C747-479C-81EB-DA9DD55EE92F}.Ad-Hoc|iPhone.Build.0 = Release|Any CPU
		{6DC3E25B-C747-479C-81EB-DA9DD55EE92F}.Ad-Hoc|iPhoneSimulator.ActiveCfg = Release|Any CPU
		{6DC3E25B-C747-479C-81EB-DA9DD55EE92F}.Ad-Hoc|iPhoneSimulator.Build.0 = Release|Any CPU
		{6DC3E25B-C747-479C-81EB-DA9DD55EE92F}.Ad-Hoc|x64.ActiveCfg = Release|Any CPU
		{6DC3E25B-C747-479C-81EB-DA9DD55EE92F}.Ad-Hoc|x64.Build.0 = Release|Any CPU
		{6DC3E25B-C747-479C-81EB-DA9DD55EE92F}.Ad-Hoc|x86.ActiveCfg = Release|Any CPU
		{6DC3E25B-C747-479C-81EB-DA9DD55EE92F}.Ad-Hoc|x86.Build.0 = Release|Any CPU
		{6DC3E25B-C747-479C-81EB-DA9DD55EE92F}.AppStore|Any CPU.ActiveCfg = Release|Any CPU
		{6DC3E25B-C747-479C-81EB-DA9DD55EE92F}.AppStore|Any CPU.Build.0 = Release|Any CPU
		{6DC3E25B-C747-479C-81EB-DA9DD55EE92F}.AppStore|ARM.ActiveCfg = Release|Any CPU
		{6DC3E25B-C747-479C-81EB-DA9DD55EE92F}.AppStore|ARM.Build.0 = Release|Any CPU
		{6DC3E25B-C747-479C-81EB-DA9DD55EE92F}.AppStore|iPhone.ActiveCfg = Release|Any CPU
		{6DC3E25B-C747-479C-81EB-DA9DD55EE92F}.AppStore|iPhone.Build.0 = Release|Any CPU
		{6DC3E25B-C747-479C-81EB-DA9DD55EE92F}.AppStore|iPhoneSimulator.ActiveCfg = Release|Any CPU
		{6DC3E25B-C747-479C-81EB-DA9DD55EE92F}.AppStore|iPhoneSimulator.Build.0 = Release|Any CPU
		{6DC3E25B-C747-479C-81EB-DA9DD55EE92F}.AppStore|x64.ActiveCfg = Release|Any CPU
		{6DC3E25B-C747-479C-81EB-DA9DD55EE92F}.AppStore|x64.Build.0 = Release|Any CPU
		{6DC3E25B-C747-479C-81EB-DA9DD55EE92F}.AppStore|x86.ActiveCfg = Release|Any CPU
		{6DC3E25B-C747-479C-81EB-DA9DD55EE92F}.AppStore|x86.Build.0 = Release|Any CPU
		{6DC3E25B-C747-479C-81EB-DA9DD55EE92F}.Debug|Any CPU.ActiveCfg = Debug|Any CPU
		{6DC3E25B-C747-479C-81EB-DA9DD55EE92F}.Debug|Any CPU.Build.0 = Debug|Any CPU
		{6DC3E25B-C747-479C-81EB-DA9DD55EE92F}.Debug|ARM.ActiveCfg = Debug|Any CPU
		{6DC3E25B-C747-479C-81EB-DA9DD55EE92F}.Debug|ARM.Build.0 = Debug|Any CPU
		{6DC3E25B-C747-479C-81EB-DA9DD55EE92F}.Debug|iPhone.ActiveCfg = Debug|Any CPU
		{6DC3E25B-C747-479C-81EB-DA9DD55EE92F}.Debug|iPhone.Build.0 = Debug|Any CPU
		{6DC3E25B-C747-479C-81EB-DA9DD55EE92F}.Debug|iPhoneSimulator.ActiveCfg = Debug|Any CPU
		{6DC3E25B-C747-479C-81EB-DA9DD55EE92F}.Debug|iPhoneSimulator.Build.0 = Debug|Any CPU
		{6DC3E25B-C747-479C-81EB-DA9DD55EE92F}.Debug|x64.ActiveCfg = Debug|Any CPU
		{6DC3E25B-C747-479C-81EB-DA9DD55EE92F}.Debug|x64.Build.0 = Debug|Any CPU
		{6DC3E25B-C747-479C-81EB-DA9DD55EE92F}.Debug|x86.ActiveCfg = Debug|Any CPU
		{6DC3E25B-C747-479C-81EB-DA9DD55EE92F}.Debug|x86.Build.0 = Debug|Any CPU
		{6DC3E25B-C747-479C-81EB-DA9DD55EE92F}.Release|Any CPU.ActiveCfg = Release|Any CPU
		{6DC3E25B-C747-479C-81EB-DA9DD55EE92F}.Release|Any CPU.Build.0 = Release|Any CPU
		{6DC3E25B-C747-479C-81EB-DA9DD55EE92F}.Release|ARM.ActiveCfg = Release|Any CPU
		{6DC3E25B-C747-479C-81EB-DA9DD55EE92F}.Release|ARM.Build.0 = Release|Any CPU
		{6DC3E25B-C747-479C-81EB-DA9DD55EE92F}.Release|iPhone.ActiveCfg = Release|Any CPU
		{6DC3E25B-C747-479C-81EB-DA9DD55EE92F}.Release|iPhone.Build.0 = Release|Any CPU
		{6DC3E25B-C747-479C-81EB-DA9DD55EE92F}.Release|iPhoneSimulator.ActiveCfg = Release|Any CPU
		{6DC3E25B-C747-479C-81EB-DA9DD55EE92F}.Release|iPhoneSimulator.Build.0 = Release|Any CPU
		{6DC3E25B-C747-479C-81EB-DA9DD55EE92F}.Release|x64.ActiveCfg = Release|Any CPU
		{6DC3E25B-C747-479C-81EB-DA9DD55EE92F}.Release|x64.Build.0 = Release|Any CPU
		{6DC3E25B-C747-479C-81EB-DA9DD55EE92F}.Release|x86.ActiveCfg = Release|Any CPU
		{6DC3E25B-C747-479C-81EB-DA9DD55EE92F}.Release|x86.Build.0 = Release|Any CPU
		{E2F30839-C5AD-4AD1-9118-2FD3A3CF5FE0}.Ad-Hoc|Any CPU.ActiveCfg = Release|Any CPU
		{E2F30839-C5AD-4AD1-9118-2FD3A3CF5FE0}.Ad-Hoc|Any CPU.Build.0 = Release|Any CPU
		{E2F30839-C5AD-4AD1-9118-2FD3A3CF5FE0}.Ad-Hoc|ARM.ActiveCfg = Release|Any CPU
		{E2F30839-C5AD-4AD1-9118-2FD3A3CF5FE0}.Ad-Hoc|ARM.Build.0 = Release|Any CPU
		{E2F30839-C5AD-4AD1-9118-2FD3A3CF5FE0}.Ad-Hoc|iPhone.ActiveCfg = Release|Any CPU
		{E2F30839-C5AD-4AD1-9118-2FD3A3CF5FE0}.Ad-Hoc|iPhone.Build.0 = Release|Any CPU
		{E2F30839-C5AD-4AD1-9118-2FD3A3CF5FE0}.Ad-Hoc|iPhoneSimulator.ActiveCfg = Release|Any CPU
		{E2F30839-C5AD-4AD1-9118-2FD3A3CF5FE0}.Ad-Hoc|iPhoneSimulator.Build.0 = Release|Any CPU
		{E2F30839-C5AD-4AD1-9118-2FD3A3CF5FE0}.Ad-Hoc|x64.ActiveCfg = Release|Any CPU
		{E2F30839-C5AD-4AD1-9118-2FD3A3CF5FE0}.Ad-Hoc|x64.Build.0 = Release|Any CPU
		{E2F30839-C5AD-4AD1-9118-2FD3A3CF5FE0}.Ad-Hoc|x86.ActiveCfg = Release|Any CPU
		{E2F30839-C5AD-4AD1-9118-2FD3A3CF5FE0}.Ad-Hoc|x86.Build.0 = Release|Any CPU
		{E2F30839-C5AD-4AD1-9118-2FD3A3CF5FE0}.AppStore|Any CPU.ActiveCfg = Release|Any CPU
		{E2F30839-C5AD-4AD1-9118-2FD3A3CF5FE0}.AppStore|Any CPU.Build.0 = Release|Any CPU
		{E2F30839-C5AD-4AD1-9118-2FD3A3CF5FE0}.AppStore|ARM.ActiveCfg = Release|Any CPU
		{E2F30839-C5AD-4AD1-9118-2FD3A3CF5FE0}.AppStore|ARM.Build.0 = Release|Any CPU
		{E2F30839-C5AD-4AD1-9118-2FD3A3CF5FE0}.AppStore|iPhone.ActiveCfg = Release|Any CPU
		{E2F30839-C5AD-4AD1-9118-2FD3A3CF5FE0}.AppStore|iPhone.Build.0 = Release|Any CPU
		{E2F30839-C5AD-4AD1-9118-2FD3A3CF5FE0}.AppStore|iPhoneSimulator.ActiveCfg = Release|Any CPU
		{E2F30839-C5AD-4AD1-9118-2FD3A3CF5FE0}.AppStore|iPhoneSimulator.Build.0 = Release|Any CPU
		{E2F30839-C5AD-4AD1-9118-2FD3A3CF5FE0}.AppStore|x64.ActiveCfg = Release|Any CPU
		{E2F30839-C5AD-4AD1-9118-2FD3A3CF5FE0}.AppStore|x64.Build.0 = Release|Any CPU
		{E2F30839-C5AD-4AD1-9118-2FD3A3CF5FE0}.AppStore|x86.ActiveCfg = Release|Any CPU
		{E2F30839-C5AD-4AD1-9118-2FD3A3CF5FE0}.AppStore|x86.Build.0 = Release|Any CPU
		{E2F30839-C5AD-4AD1-9118-2FD3A3CF5FE0}.Debug|Any CPU.ActiveCfg = Debug|Any CPU
		{E2F30839-C5AD-4AD1-9118-2FD3A3CF5FE0}.Debug|Any CPU.Build.0 = Debug|Any CPU
		{E2F30839-C5AD-4AD1-9118-2FD3A3CF5FE0}.Debug|ARM.ActiveCfg = Debug|Any CPU
		{E2F30839-C5AD-4AD1-9118-2FD3A3CF5FE0}.Debug|ARM.Build.0 = Debug|Any CPU
		{E2F30839-C5AD-4AD1-9118-2FD3A3CF5FE0}.Debug|iPhone.ActiveCfg = Debug|Any CPU
		{E2F30839-C5AD-4AD1-9118-2FD3A3CF5FE0}.Debug|iPhone.Build.0 = Debug|Any CPU
		{E2F30839-C5AD-4AD1-9118-2FD3A3CF5FE0}.Debug|iPhoneSimulator.ActiveCfg = Debug|Any CPU
		{E2F30839-C5AD-4AD1-9118-2FD3A3CF5FE0}.Debug|iPhoneSimulator.Build.0 = Debug|Any CPU
		{E2F30839-C5AD-4AD1-9118-2FD3A3CF5FE0}.Debug|x64.ActiveCfg = Debug|Any CPU
		{E2F30839-C5AD-4AD1-9118-2FD3A3CF5FE0}.Debug|x64.Build.0 = Debug|Any CPU
		{E2F30839-C5AD-4AD1-9118-2FD3A3CF5FE0}.Debug|x86.ActiveCfg = Debug|Any CPU
		{E2F30839-C5AD-4AD1-9118-2FD3A3CF5FE0}.Debug|x86.Build.0 = Debug|Any CPU
		{E2F30839-C5AD-4AD1-9118-2FD3A3CF5FE0}.Release|Any CPU.ActiveCfg = Release|Any CPU
		{E2F30839-C5AD-4AD1-9118-2FD3A3CF5FE0}.Release|Any CPU.Build.0 = Release|Any CPU
		{E2F30839-C5AD-4AD1-9118-2FD3A3CF5FE0}.Release|ARM.ActiveCfg = Release|Any CPU
		{E2F30839-C5AD-4AD1-9118-2FD3A3CF5FE0}.Release|ARM.Build.0 = Release|Any CPU
		{E2F30839-C5AD-4AD1-9118-2FD3A3CF5FE0}.Release|iPhone.ActiveCfg = Release|Any CPU
		{E2F30839-C5AD-4AD1-9118-2FD3A3CF5FE0}.Release|iPhone.Build.0 = Release|Any CPU
		{E2F30839-C5AD-4AD1-9118-2FD3A3CF5FE0}.Release|iPhoneSimulator.ActiveCfg = Release|Any CPU
		{E2F30839-C5AD-4AD1-9118-2FD3A3CF5FE0}.Release|iPhoneSimulator.Build.0 = Release|Any CPU
		{E2F30839-C5AD-4AD1-9118-2FD3A3CF5FE0}.Release|x64.ActiveCfg = Release|Any CPU
		{E2F30839-C5AD-4AD1-9118-2FD3A3CF5FE0}.Release|x64.Build.0 = Release|Any CPU
		{E2F30839-C5AD-4AD1-9118-2FD3A3CF5FE0}.Release|x86.ActiveCfg = Release|Any CPU
		{E2F30839-C5AD-4AD1-9118-2FD3A3CF5FE0}.Release|x86.Build.0 = Release|Any CPU
		{6BB8D733-77B3-4BA8-9C45-F299467C9084}.Ad-Hoc|Any CPU.ActiveCfg = Release|Any CPU
		{6BB8D733-77B3-4BA8-9C45-F299467C9084}.Ad-Hoc|Any CPU.Build.0 = Release|Any CPU
		{6BB8D733-77B3-4BA8-9C45-F299467C9084}.Ad-Hoc|ARM.ActiveCfg = Release|Any CPU
		{6BB8D733-77B3-4BA8-9C45-F299467C9084}.Ad-Hoc|ARM.Build.0 = Release|Any CPU
		{6BB8D733-77B3-4BA8-9C45-F299467C9084}.Ad-Hoc|iPhone.ActiveCfg = Release|Any CPU
		{6BB8D733-77B3-4BA8-9C45-F299467C9084}.Ad-Hoc|iPhone.Build.0 = Release|Any CPU
		{6BB8D733-77B3-4BA8-9C45-F299467C9084}.Ad-Hoc|iPhoneSimulator.ActiveCfg = Release|Any CPU
		{6BB8D733-77B3-4BA8-9C45-F299467C9084}.Ad-Hoc|iPhoneSimulator.Build.0 = Release|Any CPU
		{6BB8D733-77B3-4BA8-9C45-F299467C9084}.Ad-Hoc|x64.ActiveCfg = Release|Any CPU
		{6BB8D733-77B3-4BA8-9C45-F299467C9084}.Ad-Hoc|x64.Build.0 = Release|Any CPU
		{6BB8D733-77B3-4BA8-9C45-F299467C9084}.Ad-Hoc|x86.ActiveCfg = Release|Any CPU
		{6BB8D733-77B3-4BA8-9C45-F299467C9084}.Ad-Hoc|x86.Build.0 = Release|Any CPU
		{6BB8D733-77B3-4BA8-9C45-F299467C9084}.AppStore|Any CPU.ActiveCfg = Release|Any CPU
		{6BB8D733-77B3-4BA8-9C45-F299467C9084}.AppStore|Any CPU.Build.0 = Release|Any CPU
		{6BB8D733-77B3-4BA8-9C45-F299467C9084}.AppStore|ARM.ActiveCfg = Release|Any CPU
		{6BB8D733-77B3-4BA8-9C45-F299467C9084}.AppStore|ARM.Build.0 = Release|Any CPU
		{6BB8D733-77B3-4BA8-9C45-F299467C9084}.AppStore|iPhone.ActiveCfg = Release|Any CPU
		{6BB8D733-77B3-4BA8-9C45-F299467C9084}.AppStore|iPhone.Build.0 = Release|Any CPU
		{6BB8D733-77B3-4BA8-9C45-F299467C9084}.AppStore|iPhoneSimulator.ActiveCfg = Release|Any CPU
		{6BB8D733-77B3-4BA8-9C45-F299467C9084}.AppStore|iPhoneSimulator.Build.0 = Release|Any CPU
		{6BB8D733-77B3-4BA8-9C45-F299467C9084}.AppStore|x64.ActiveCfg = Release|Any CPU
		{6BB8D733-77B3-4BA8-9C45-F299467C9084}.AppStore|x64.Build.0 = Release|Any CPU
		{6BB8D733-77B3-4BA8-9C45-F299467C9084}.AppStore|x86.ActiveCfg = Release|Any CPU
		{6BB8D733-77B3-4BA8-9C45-F299467C9084}.AppStore|x86.Build.0 = Release|Any CPU
		{6BB8D733-77B3-4BA8-9C45-F299467C9084}.Debug|Any CPU.ActiveCfg = Debug|Any CPU
		{6BB8D733-77B3-4BA8-9C45-F299467C9084}.Debug|Any CPU.Build.0 = Debug|Any CPU
		{6BB8D733-77B3-4BA8-9C45-F299467C9084}.Debug|ARM.ActiveCfg = Debug|Any CPU
		{6BB8D733-77B3-4BA8-9C45-F299467C9084}.Debug|ARM.Build.0 = Debug|Any CPU
		{6BB8D733-77B3-4BA8-9C45-F299467C9084}.Debug|iPhone.ActiveCfg = Debug|Any CPU
		{6BB8D733-77B3-4BA8-9C45-F299467C9084}.Debug|iPhone.Build.0 = Debug|Any CPU
		{6BB8D733-77B3-4BA8-9C45-F299467C9084}.Debug|iPhoneSimulator.ActiveCfg = Debug|Any CPU
		{6BB8D733-77B3-4BA8-9C45-F299467C9084}.Debug|iPhoneSimulator.Build.0 = Debug|Any CPU
		{6BB8D733-77B3-4BA8-9C45-F299467C9084}.Debug|x64.ActiveCfg = Debug|Any CPU
		{6BB8D733-77B3-4BA8-9C45-F299467C9084}.Debug|x64.Build.0 = Debug|Any CPU
		{6BB8D733-77B3-4BA8-9C45-F299467C9084}.Debug|x86.ActiveCfg = Debug|Any CPU
		{6BB8D733-77B3-4BA8-9C45-F299467C9084}.Debug|x86.Build.0 = Debug|Any CPU
		{6BB8D733-77B3-4BA8-9C45-F299467C9084}.Release|Any CPU.ActiveCfg = Release|Any CPU
		{6BB8D733-77B3-4BA8-9C45-F299467C9084}.Release|Any CPU.Build.0 = Release|Any CPU
		{6BB8D733-77B3-4BA8-9C45-F299467C9084}.Release|ARM.ActiveCfg = Release|Any CPU
		{6BB8D733-77B3-4BA8-9C45-F299467C9084}.Release|ARM.Build.0 = Release|Any CPU
		{6BB8D733-77B3-4BA8-9C45-F299467C9084}.Release|iPhone.ActiveCfg = Release|Any CPU
		{6BB8D733-77B3-4BA8-9C45-F299467C9084}.Release|iPhone.Build.0 = Release|Any CPU
		{6BB8D733-77B3-4BA8-9C45-F299467C9084}.Release|iPhoneSimulator.ActiveCfg = Release|Any CPU
		{6BB8D733-77B3-4BA8-9C45-F299467C9084}.Release|iPhoneSimulator.Build.0 = Release|Any CPU
		{6BB8D733-77B3-4BA8-9C45-F299467C9084}.Release|x64.ActiveCfg = Release|Any CPU
		{6BB8D733-77B3-4BA8-9C45-F299467C9084}.Release|x64.Build.0 = Release|Any CPU
		{6BB8D733-77B3-4BA8-9C45-F299467C9084}.Release|x86.ActiveCfg = Release|Any CPU
		{6BB8D733-77B3-4BA8-9C45-F299467C9084}.Release|x86.Build.0 = Release|Any CPU
		{8C3738BC-6D43-4DA8-A27C-3DDE7BC905C5}.Ad-Hoc|Any CPU.ActiveCfg = Release|Any CPU
		{8C3738BC-6D43-4DA8-A27C-3DDE7BC905C5}.Ad-Hoc|Any CPU.Build.0 = Release|Any CPU
		{8C3738BC-6D43-4DA8-A27C-3DDE7BC905C5}.Ad-Hoc|ARM.ActiveCfg = Release|Any CPU
		{8C3738BC-6D43-4DA8-A27C-3DDE7BC905C5}.Ad-Hoc|ARM.Build.0 = Release|Any CPU
		{8C3738BC-6D43-4DA8-A27C-3DDE7BC905C5}.Ad-Hoc|iPhone.ActiveCfg = Release|Any CPU
		{8C3738BC-6D43-4DA8-A27C-3DDE7BC905C5}.Ad-Hoc|iPhone.Build.0 = Release|Any CPU
		{8C3738BC-6D43-4DA8-A27C-3DDE7BC905C5}.Ad-Hoc|iPhoneSimulator.ActiveCfg = Release|Any CPU
		{8C3738BC-6D43-4DA8-A27C-3DDE7BC905C5}.Ad-Hoc|iPhoneSimulator.Build.0 = Release|Any CPU
		{8C3738BC-6D43-4DA8-A27C-3DDE7BC905C5}.Ad-Hoc|x64.ActiveCfg = Release|Any CPU
		{8C3738BC-6D43-4DA8-A27C-3DDE7BC905C5}.Ad-Hoc|x64.Build.0 = Release|Any CPU
		{8C3738BC-6D43-4DA8-A27C-3DDE7BC905C5}.Ad-Hoc|x86.ActiveCfg = Release|Any CPU
		{8C3738BC-6D43-4DA8-A27C-3DDE7BC905C5}.Ad-Hoc|x86.Build.0 = Release|Any CPU
		{8C3738BC-6D43-4DA8-A27C-3DDE7BC905C5}.AppStore|Any CPU.ActiveCfg = Release|Any CPU
		{8C3738BC-6D43-4DA8-A27C-3DDE7BC905C5}.AppStore|Any CPU.Build.0 = Release|Any CPU
		{8C3738BC-6D43-4DA8-A27C-3DDE7BC905C5}.AppStore|ARM.ActiveCfg = Release|Any CPU
		{8C3738BC-6D43-4DA8-A27C-3DDE7BC905C5}.AppStore|ARM.Build.0 = Release|Any CPU
		{8C3738BC-6D43-4DA8-A27C-3DDE7BC905C5}.AppStore|iPhone.ActiveCfg = Release|Any CPU
		{8C3738BC-6D43-4DA8-A27C-3DDE7BC905C5}.AppStore|iPhone.Build.0 = Release|Any CPU
		{8C3738BC-6D43-4DA8-A27C-3DDE7BC905C5}.AppStore|iPhoneSimulator.ActiveCfg = Release|Any CPU
		{8C3738BC-6D43-4DA8-A27C-3DDE7BC905C5}.AppStore|iPhoneSimulator.Build.0 = Release|Any CPU
		{8C3738BC-6D43-4DA8-A27C-3DDE7BC905C5}.AppStore|x64.ActiveCfg = Release|Any CPU
		{8C3738BC-6D43-4DA8-A27C-3DDE7BC905C5}.AppStore|x64.Build.0 = Release|Any CPU
		{8C3738BC-6D43-4DA8-A27C-3DDE7BC905C5}.AppStore|x86.ActiveCfg = Release|Any CPU
		{8C3738BC-6D43-4DA8-A27C-3DDE7BC905C5}.AppStore|x86.Build.0 = Release|Any CPU
		{8C3738BC-6D43-4DA8-A27C-3DDE7BC905C5}.Debug|Any CPU.ActiveCfg = Debug|Any CPU
		{8C3738BC-6D43-4DA8-A27C-3DDE7BC905C5}.Debug|Any CPU.Build.0 = Debug|Any CPU
		{8C3738BC-6D43-4DA8-A27C-3DDE7BC905C5}.Debug|ARM.ActiveCfg = Debug|Any CPU
		{8C3738BC-6D43-4DA8-A27C-3DDE7BC905C5}.Debug|ARM.Build.0 = Debug|Any CPU
		{8C3738BC-6D43-4DA8-A27C-3DDE7BC905C5}.Debug|iPhone.ActiveCfg = Debug|Any CPU
		{8C3738BC-6D43-4DA8-A27C-3DDE7BC905C5}.Debug|iPhone.Build.0 = Debug|Any CPU
		{8C3738BC-6D43-4DA8-A27C-3DDE7BC905C5}.Debug|iPhoneSimulator.ActiveCfg = Debug|Any CPU
		{8C3738BC-6D43-4DA8-A27C-3DDE7BC905C5}.Debug|iPhoneSimulator.Build.0 = Debug|Any CPU
		{8C3738BC-6D43-4DA8-A27C-3DDE7BC905C5}.Debug|x64.ActiveCfg = Debug|Any CPU
		{8C3738BC-6D43-4DA8-A27C-3DDE7BC905C5}.Debug|x64.Build.0 = Debug|Any CPU
		{8C3738BC-6D43-4DA8-A27C-3DDE7BC905C5}.Debug|x86.ActiveCfg = Debug|Any CPU
		{8C3738BC-6D43-4DA8-A27C-3DDE7BC905C5}.Debug|x86.Build.0 = Debug|Any CPU
		{8C3738BC-6D43-4DA8-A27C-3DDE7BC905C5}.Release|Any CPU.ActiveCfg = Release|Any CPU
		{8C3738BC-6D43-4DA8-A27C-3DDE7BC905C5}.Release|Any CPU.Build.0 = Release|Any CPU
		{8C3738BC-6D43-4DA8-A27C-3DDE7BC905C5}.Release|ARM.ActiveCfg = Release|Any CPU
		{8C3738BC-6D43-4DA8-A27C-3DDE7BC905C5}.Release|ARM.Build.0 = Release|Any CPU
		{8C3738BC-6D43-4DA8-A27C-3DDE7BC905C5}.Release|iPhone.ActiveCfg = Release|Any CPU
		{8C3738BC-6D43-4DA8-A27C-3DDE7BC905C5}.Release|iPhone.Build.0 = Release|Any CPU
		{8C3738BC-6D43-4DA8-A27C-3DDE7BC905C5}.Release|iPhoneSimulator.ActiveCfg = Release|Any CPU
		{8C3738BC-6D43-4DA8-A27C-3DDE7BC905C5}.Release|iPhoneSimulator.Build.0 = Release|Any CPU
		{8C3738BC-6D43-4DA8-A27C-3DDE7BC905C5}.Release|x64.ActiveCfg = Release|Any CPU
		{8C3738BC-6D43-4DA8-A27C-3DDE7BC905C5}.Release|x64.Build.0 = Release|Any CPU
		{8C3738BC-6D43-4DA8-A27C-3DDE7BC905C5}.Release|x86.ActiveCfg = Release|Any CPU
		{8C3738BC-6D43-4DA8-A27C-3DDE7BC905C5}.Release|x86.Build.0 = Release|Any CPU
		{B0ADE72F-CE42-442E-AB11-96E8E3852152}.Ad-Hoc|Any CPU.ActiveCfg = Release|Any CPU
		{B0ADE72F-CE42-442E-AB11-96E8E3852152}.Ad-Hoc|Any CPU.Build.0 = Release|Any CPU
		{B0ADE72F-CE42-442E-AB11-96E8E3852152}.Ad-Hoc|ARM.ActiveCfg = Release|Any CPU
		{B0ADE72F-CE42-442E-AB11-96E8E3852152}.Ad-Hoc|ARM.Build.0 = Release|Any CPU
		{B0ADE72F-CE42-442E-AB11-96E8E3852152}.Ad-Hoc|iPhone.ActiveCfg = Release|Any CPU
		{B0ADE72F-CE42-442E-AB11-96E8E3852152}.Ad-Hoc|iPhone.Build.0 = Release|Any CPU
		{B0ADE72F-CE42-442E-AB11-96E8E3852152}.Ad-Hoc|iPhoneSimulator.ActiveCfg = Release|Any CPU
		{B0ADE72F-CE42-442E-AB11-96E8E3852152}.Ad-Hoc|iPhoneSimulator.Build.0 = Release|Any CPU
		{B0ADE72F-CE42-442E-AB11-96E8E3852152}.Ad-Hoc|x64.ActiveCfg = Release|Any CPU
		{B0ADE72F-CE42-442E-AB11-96E8E3852152}.Ad-Hoc|x64.Build.0 = Release|Any CPU
		{B0ADE72F-CE42-442E-AB11-96E8E3852152}.Ad-Hoc|x86.ActiveCfg = Release|Any CPU
		{B0ADE72F-CE42-442E-AB11-96E8E3852152}.Ad-Hoc|x86.Build.0 = Release|Any CPU
		{B0ADE72F-CE42-442E-AB11-96E8E3852152}.AppStore|Any CPU.ActiveCfg = Release|Any CPU
		{B0ADE72F-CE42-442E-AB11-96E8E3852152}.AppStore|Any CPU.Build.0 = Release|Any CPU
		{B0ADE72F-CE42-442E-AB11-96E8E3852152}.AppStore|ARM.ActiveCfg = Release|Any CPU
		{B0ADE72F-CE42-442E-AB11-96E8E3852152}.AppStore|ARM.Build.0 = Release|Any CPU
		{B0ADE72F-CE42-442E-AB11-96E8E3852152}.AppStore|iPhone.ActiveCfg = Release|Any CPU
		{B0ADE72F-CE42-442E-AB11-96E8E3852152}.AppStore|iPhone.Build.0 = Release|Any CPU
		{B0ADE72F-CE42-442E-AB11-96E8E3852152}.AppStore|iPhoneSimulator.ActiveCfg = Release|Any CPU
		{B0ADE72F-CE42-442E-AB11-96E8E3852152}.AppStore|iPhoneSimulator.Build.0 = Release|Any CPU
		{B0ADE72F-CE42-442E-AB11-96E8E3852152}.AppStore|x64.ActiveCfg = Release|Any CPU
		{B0ADE72F-CE42-442E-AB11-96E8E3852152}.AppStore|x64.Build.0 = Release|Any CPU
		{B0ADE72F-CE42-442E-AB11-96E8E3852152}.AppStore|x86.ActiveCfg = Release|Any CPU
		{B0ADE72F-CE42-442E-AB11-96E8E3852152}.AppStore|x86.Build.0 = Release|Any CPU
		{B0ADE72F-CE42-442E-AB11-96E8E3852152}.Debug|Any CPU.ActiveCfg = Debug|Any CPU
		{B0ADE72F-CE42-442E-AB11-96E8E3852152}.Debug|Any CPU.Build.0 = Debug|Any CPU
		{B0ADE72F-CE42-442E-AB11-96E8E3852152}.Debug|ARM.ActiveCfg = Debug|Any CPU
		{B0ADE72F-CE42-442E-AB11-96E8E3852152}.Debug|ARM.Build.0 = Debug|Any CPU
		{B0ADE72F-CE42-442E-AB11-96E8E3852152}.Debug|iPhone.ActiveCfg = Debug|Any CPU
		{B0ADE72F-CE42-442E-AB11-96E8E3852152}.Debug|iPhone.Build.0 = Debug|Any CPU
		{B0ADE72F-CE42-442E-AB11-96E8E3852152}.Debug|iPhoneSimulator.ActiveCfg = Debug|Any CPU
		{B0ADE72F-CE42-442E-AB11-96E8E3852152}.Debug|iPhoneSimulator.Build.0 = Debug|Any CPU
		{B0ADE72F-CE42-442E-AB11-96E8E3852152}.Debug|x64.ActiveCfg = Debug|Any CPU
		{B0ADE72F-CE42-442E-AB11-96E8E3852152}.Debug|x64.Build.0 = Debug|Any CPU
		{B0ADE72F-CE42-442E-AB11-96E8E3852152}.Debug|x86.ActiveCfg = Debug|Any CPU
		{B0ADE72F-CE42-442E-AB11-96E8E3852152}.Debug|x86.Build.0 = Debug|Any CPU
		{B0ADE72F-CE42-442E-AB11-96E8E3852152}.Release|Any CPU.ActiveCfg = Release|Any CPU
		{B0ADE72F-CE42-442E-AB11-96E8E3852152}.Release|Any CPU.Build.0 = Release|Any CPU
		{B0ADE72F-CE42-442E-AB11-96E8E3852152}.Release|ARM.ActiveCfg = Release|Any CPU
		{B0ADE72F-CE42-442E-AB11-96E8E3852152}.Release|ARM.Build.0 = Release|Any CPU
		{B0ADE72F-CE42-442E-AB11-96E8E3852152}.Release|iPhone.ActiveCfg = Release|Any CPU
		{B0ADE72F-CE42-442E-AB11-96E8E3852152}.Release|iPhone.Build.0 = Release|Any CPU
		{B0ADE72F-CE42-442E-AB11-96E8E3852152}.Release|iPhoneSimulator.ActiveCfg = Release|Any CPU
		{B0ADE72F-CE42-442E-AB11-96E8E3852152}.Release|iPhoneSimulator.Build.0 = Release|Any CPU
		{B0ADE72F-CE42-442E-AB11-96E8E3852152}.Release|x64.ActiveCfg = Release|Any CPU
		{B0ADE72F-CE42-442E-AB11-96E8E3852152}.Release|x64.Build.0 = Release|Any CPU
		{B0ADE72F-CE42-442E-AB11-96E8E3852152}.Release|x86.ActiveCfg = Release|Any CPU
		{B0ADE72F-CE42-442E-AB11-96E8E3852152}.Release|x86.Build.0 = Release|Any CPU
		{88CB77EE-214F-4454-AEED-E0B2306C16A6}.Ad-Hoc|Any CPU.ActiveCfg = Release|Any CPU
		{88CB77EE-214F-4454-AEED-E0B2306C16A6}.Ad-Hoc|Any CPU.Build.0 = Release|Any CPU
		{88CB77EE-214F-4454-AEED-E0B2306C16A6}.Ad-Hoc|ARM.ActiveCfg = Release|Any CPU
		{88CB77EE-214F-4454-AEED-E0B2306C16A6}.Ad-Hoc|ARM.Build.0 = Release|Any CPU
		{88CB77EE-214F-4454-AEED-E0B2306C16A6}.Ad-Hoc|iPhone.ActiveCfg = Release|Any CPU
		{88CB77EE-214F-4454-AEED-E0B2306C16A6}.Ad-Hoc|iPhone.Build.0 = Release|Any CPU
		{88CB77EE-214F-4454-AEED-E0B2306C16A6}.Ad-Hoc|iPhoneSimulator.ActiveCfg = Release|Any CPU
		{88CB77EE-214F-4454-AEED-E0B2306C16A6}.Ad-Hoc|iPhoneSimulator.Build.0 = Release|Any CPU
		{88CB77EE-214F-4454-AEED-E0B2306C16A6}.Ad-Hoc|x64.ActiveCfg = Release|Any CPU
		{88CB77EE-214F-4454-AEED-E0B2306C16A6}.Ad-Hoc|x64.Build.0 = Release|Any CPU
		{88CB77EE-214F-4454-AEED-E0B2306C16A6}.Ad-Hoc|x86.ActiveCfg = Release|Any CPU
		{88CB77EE-214F-4454-AEED-E0B2306C16A6}.Ad-Hoc|x86.Build.0 = Release|Any CPU
		{88CB77EE-214F-4454-AEED-E0B2306C16A6}.AppStore|Any CPU.ActiveCfg = Release|Any CPU
		{88CB77EE-214F-4454-AEED-E0B2306C16A6}.AppStore|Any CPU.Build.0 = Release|Any CPU
		{88CB77EE-214F-4454-AEED-E0B2306C16A6}.AppStore|ARM.ActiveCfg = Release|Any CPU
		{88CB77EE-214F-4454-AEED-E0B2306C16A6}.AppStore|ARM.Build.0 = Release|Any CPU
		{88CB77EE-214F-4454-AEED-E0B2306C16A6}.AppStore|iPhone.ActiveCfg = Release|Any CPU
		{88CB77EE-214F-4454-AEED-E0B2306C16A6}.AppStore|iPhone.Build.0 = Release|Any CPU
		{88CB77EE-214F-4454-AEED-E0B2306C16A6}.AppStore|iPhoneSimulator.ActiveCfg = Release|Any CPU
		{88CB77EE-214F-4454-AEED-E0B2306C16A6}.AppStore|iPhoneSimulator.Build.0 = Release|Any CPU
		{88CB77EE-214F-4454-AEED-E0B2306C16A6}.AppStore|x64.ActiveCfg = Release|Any CPU
		{88CB77EE-214F-4454-AEED-E0B2306C16A6}.AppStore|x64.Build.0 = Release|Any CPU
		{88CB77EE-214F-4454-AEED-E0B2306C16A6}.AppStore|x86.ActiveCfg = Release|Any CPU
		{88CB77EE-214F-4454-AEED-E0B2306C16A6}.AppStore|x86.Build.0 = Release|Any CPU
		{88CB77EE-214F-4454-AEED-E0B2306C16A6}.Debug|Any CPU.ActiveCfg = Debug|Any CPU
		{88CB77EE-214F-4454-AEED-E0B2306C16A6}.Debug|Any CPU.Build.0 = Debug|Any CPU
		{88CB77EE-214F-4454-AEED-E0B2306C16A6}.Debug|ARM.ActiveCfg = Debug|Any CPU
		{88CB77EE-214F-4454-AEED-E0B2306C16A6}.Debug|ARM.Build.0 = Debug|Any CPU
		{88CB77EE-214F-4454-AEED-E0B2306C16A6}.Debug|iPhone.ActiveCfg = Debug|Any CPU
		{88CB77EE-214F-4454-AEED-E0B2306C16A6}.Debug|iPhone.Build.0 = Debug|Any CPU
		{88CB77EE-214F-4454-AEED-E0B2306C16A6}.Debug|iPhoneSimulator.ActiveCfg = Debug|Any CPU
		{88CB77EE-214F-4454-AEED-E0B2306C16A6}.Debug|iPhoneSimulator.Build.0 = Debug|Any CPU
		{88CB77EE-214F-4454-AEED-E0B2306C16A6}.Debug|x64.ActiveCfg = Debug|Any CPU
		{88CB77EE-214F-4454-AEED-E0B2306C16A6}.Debug|x64.Build.0 = Debug|Any CPU
		{88CB77EE-214F-4454-AEED-E0B2306C16A6}.Debug|x86.ActiveCfg = Debug|Any CPU
		{88CB77EE-214F-4454-AEED-E0B2306C16A6}.Debug|x86.Build.0 = Debug|Any CPU
		{88CB77EE-214F-4454-AEED-E0B2306C16A6}.Release|Any CPU.ActiveCfg = Release|Any CPU
		{88CB77EE-214F-4454-AEED-E0B2306C16A6}.Release|Any CPU.Build.0 = Release|Any CPU
		{88CB77EE-214F-4454-AEED-E0B2306C16A6}.Release|ARM.ActiveCfg = Release|Any CPU
		{88CB77EE-214F-4454-AEED-E0B2306C16A6}.Release|ARM.Build.0 = Release|Any CPU
		{88CB77EE-214F-4454-AEED-E0B2306C16A6}.Release|iPhone.ActiveCfg = Release|Any CPU
		{88CB77EE-214F-4454-AEED-E0B2306C16A6}.Release|iPhone.Build.0 = Release|Any CPU
		{88CB77EE-214F-4454-AEED-E0B2306C16A6}.Release|iPhoneSimulator.ActiveCfg = Release|Any CPU
		{88CB77EE-214F-4454-AEED-E0B2306C16A6}.Release|iPhoneSimulator.Build.0 = Release|Any CPU
		{88CB77EE-214F-4454-AEED-E0B2306C16A6}.Release|x64.ActiveCfg = Release|Any CPU
		{88CB77EE-214F-4454-AEED-E0B2306C16A6}.Release|x64.Build.0 = Release|Any CPU
		{88CB77EE-214F-4454-AEED-E0B2306C16A6}.Release|x86.ActiveCfg = Release|Any CPU
		{88CB77EE-214F-4454-AEED-E0B2306C16A6}.Release|x86.Build.0 = Release|Any CPU
		{4DABB73B-170D-4EFB-B0F2-687E03E1AC2C}.Ad-Hoc|Any CPU.ActiveCfg = Release|Any CPU
		{4DABB73B-170D-4EFB-B0F2-687E03E1AC2C}.Ad-Hoc|Any CPU.Build.0 = Release|Any CPU
		{4DABB73B-170D-4EFB-B0F2-687E03E1AC2C}.Ad-Hoc|ARM.ActiveCfg = Release|Any CPU
		{4DABB73B-170D-4EFB-B0F2-687E03E1AC2C}.Ad-Hoc|ARM.Build.0 = Release|Any CPU
		{4DABB73B-170D-4EFB-B0F2-687E03E1AC2C}.Ad-Hoc|iPhone.ActiveCfg = Release|Any CPU
		{4DABB73B-170D-4EFB-B0F2-687E03E1AC2C}.Ad-Hoc|iPhone.Build.0 = Release|Any CPU
		{4DABB73B-170D-4EFB-B0F2-687E03E1AC2C}.Ad-Hoc|iPhoneSimulator.ActiveCfg = Release|Any CPU
		{4DABB73B-170D-4EFB-B0F2-687E03E1AC2C}.Ad-Hoc|iPhoneSimulator.Build.0 = Release|Any CPU
		{4DABB73B-170D-4EFB-B0F2-687E03E1AC2C}.Ad-Hoc|x64.ActiveCfg = Release|Any CPU
		{4DABB73B-170D-4EFB-B0F2-687E03E1AC2C}.Ad-Hoc|x64.Build.0 = Release|Any CPU
		{4DABB73B-170D-4EFB-B0F2-687E03E1AC2C}.Ad-Hoc|x86.ActiveCfg = Release|Any CPU
		{4DABB73B-170D-4EFB-B0F2-687E03E1AC2C}.Ad-Hoc|x86.Build.0 = Release|Any CPU
		{4DABB73B-170D-4EFB-B0F2-687E03E1AC2C}.AppStore|Any CPU.ActiveCfg = Release|Any CPU
		{4DABB73B-170D-4EFB-B0F2-687E03E1AC2C}.AppStore|Any CPU.Build.0 = Release|Any CPU
		{4DABB73B-170D-4EFB-B0F2-687E03E1AC2C}.AppStore|ARM.ActiveCfg = Release|Any CPU
		{4DABB73B-170D-4EFB-B0F2-687E03E1AC2C}.AppStore|ARM.Build.0 = Release|Any CPU
		{4DABB73B-170D-4EFB-B0F2-687E03E1AC2C}.AppStore|iPhone.ActiveCfg = Release|Any CPU
		{4DABB73B-170D-4EFB-B0F2-687E03E1AC2C}.AppStore|iPhone.Build.0 = Release|Any CPU
		{4DABB73B-170D-4EFB-B0F2-687E03E1AC2C}.AppStore|iPhoneSimulator.ActiveCfg = Release|Any CPU
		{4DABB73B-170D-4EFB-B0F2-687E03E1AC2C}.AppStore|iPhoneSimulator.Build.0 = Release|Any CPU
		{4DABB73B-170D-4EFB-B0F2-687E03E1AC2C}.AppStore|x64.ActiveCfg = Release|Any CPU
		{4DABB73B-170D-4EFB-B0F2-687E03E1AC2C}.AppStore|x64.Build.0 = Release|Any CPU
		{4DABB73B-170D-4EFB-B0F2-687E03E1AC2C}.AppStore|x86.ActiveCfg = Release|Any CPU
		{4DABB73B-170D-4EFB-B0F2-687E03E1AC2C}.AppStore|x86.Build.0 = Release|Any CPU
		{4DABB73B-170D-4EFB-B0F2-687E03E1AC2C}.Debug|Any CPU.ActiveCfg = Debug|Any CPU
		{4DABB73B-170D-4EFB-B0F2-687E03E1AC2C}.Debug|Any CPU.Build.0 = Debug|Any CPU
		{4DABB73B-170D-4EFB-B0F2-687E03E1AC2C}.Debug|ARM.ActiveCfg = Debug|Any CPU
		{4DABB73B-170D-4EFB-B0F2-687E03E1AC2C}.Debug|ARM.Build.0 = Debug|Any CPU
		{4DABB73B-170D-4EFB-B0F2-687E03E1AC2C}.Debug|iPhone.ActiveCfg = Debug|Any CPU
		{4DABB73B-170D-4EFB-B0F2-687E03E1AC2C}.Debug|iPhone.Build.0 = Debug|Any CPU
		{4DABB73B-170D-4EFB-B0F2-687E03E1AC2C}.Debug|iPhoneSimulator.ActiveCfg = Debug|Any CPU
		{4DABB73B-170D-4EFB-B0F2-687E03E1AC2C}.Debug|iPhoneSimulator.Build.0 = Debug|Any CPU
		{4DABB73B-170D-4EFB-B0F2-687E03E1AC2C}.Debug|x64.ActiveCfg = Debug|Any CPU
		{4DABB73B-170D-4EFB-B0F2-687E03E1AC2C}.Debug|x64.Build.0 = Debug|Any CPU
		{4DABB73B-170D-4EFB-B0F2-687E03E1AC2C}.Debug|x86.ActiveCfg = Debug|Any CPU
		{4DABB73B-170D-4EFB-B0F2-687E03E1AC2C}.Debug|x86.Build.0 = Debug|Any CPU
		{4DABB73B-170D-4EFB-B0F2-687E03E1AC2C}.Release|Any CPU.ActiveCfg = Release|Any CPU
		{4DABB73B-170D-4EFB-B0F2-687E03E1AC2C}.Release|Any CPU.Build.0 = Release|Any CPU
		{4DABB73B-170D-4EFB-B0F2-687E03E1AC2C}.Release|ARM.ActiveCfg = Release|Any CPU
		{4DABB73B-170D-4EFB-B0F2-687E03E1AC2C}.Release|ARM.Build.0 = Release|Any CPU
		{4DABB73B-170D-4EFB-B0F2-687E03E1AC2C}.Release|iPhone.ActiveCfg = Release|Any CPU
		{4DABB73B-170D-4EFB-B0F2-687E03E1AC2C}.Release|iPhone.Build.0 = Release|Any CPU
		{4DABB73B-170D-4EFB-B0F2-687E03E1AC2C}.Release|iPhoneSimulator.ActiveCfg = Release|Any CPU
		{4DABB73B-170D-4EFB-B0F2-687E03E1AC2C}.Release|iPhoneSimulator.Build.0 = Release|Any CPU
		{4DABB73B-170D-4EFB-B0F2-687E03E1AC2C}.Release|x64.ActiveCfg = Release|Any CPU
		{4DABB73B-170D-4EFB-B0F2-687E03E1AC2C}.Release|x64.Build.0 = Release|Any CPU
		{4DABB73B-170D-4EFB-B0F2-687E03E1AC2C}.Release|x86.ActiveCfg = Release|Any CPU
		{4DABB73B-170D-4EFB-B0F2-687E03E1AC2C}.Release|x86.Build.0 = Release|Any CPU
		{B8C7CFE8-ED4C-4C86-B9CC-220261B1E73C}.Ad-Hoc|Any CPU.ActiveCfg = Release|Any CPU
		{B8C7CFE8-ED4C-4C86-B9CC-220261B1E73C}.Ad-Hoc|Any CPU.Build.0 = Release|Any CPU
		{B8C7CFE8-ED4C-4C86-B9CC-220261B1E73C}.Ad-Hoc|ARM.ActiveCfg = Release|Any CPU
		{B8C7CFE8-ED4C-4C86-B9CC-220261B1E73C}.Ad-Hoc|ARM.Build.0 = Release|Any CPU
		{B8C7CFE8-ED4C-4C86-B9CC-220261B1E73C}.Ad-Hoc|iPhone.ActiveCfg = Release|Any CPU
		{B8C7CFE8-ED4C-4C86-B9CC-220261B1E73C}.Ad-Hoc|iPhone.Build.0 = Release|Any CPU
		{B8C7CFE8-ED4C-4C86-B9CC-220261B1E73C}.Ad-Hoc|iPhoneSimulator.ActiveCfg = Release|Any CPU
		{B8C7CFE8-ED4C-4C86-B9CC-220261B1E73C}.Ad-Hoc|iPhoneSimulator.Build.0 = Release|Any CPU
		{B8C7CFE8-ED4C-4C86-B9CC-220261B1E73C}.Ad-Hoc|x64.ActiveCfg = Release|Any CPU
		{B8C7CFE8-ED4C-4C86-B9CC-220261B1E73C}.Ad-Hoc|x64.Build.0 = Release|Any CPU
		{B8C7CFE8-ED4C-4C86-B9CC-220261B1E73C}.Ad-Hoc|x86.ActiveCfg = Release|Any CPU
		{B8C7CFE8-ED4C-4C86-B9CC-220261B1E73C}.Ad-Hoc|x86.Build.0 = Release|Any CPU
		{B8C7CFE8-ED4C-4C86-B9CC-220261B1E73C}.AppStore|Any CPU.ActiveCfg = Release|Any CPU
		{B8C7CFE8-ED4C-4C86-B9CC-220261B1E73C}.AppStore|Any CPU.Build.0 = Release|Any CPU
		{B8C7CFE8-ED4C-4C86-B9CC-220261B1E73C}.AppStore|ARM.ActiveCfg = Release|Any CPU
		{B8C7CFE8-ED4C-4C86-B9CC-220261B1E73C}.AppStore|ARM.Build.0 = Release|Any CPU
		{B8C7CFE8-ED4C-4C86-B9CC-220261B1E73C}.AppStore|iPhone.ActiveCfg = Release|Any CPU
		{B8C7CFE8-ED4C-4C86-B9CC-220261B1E73C}.AppStore|iPhone.Build.0 = Release|Any CPU
		{B8C7CFE8-ED4C-4C86-B9CC-220261B1E73C}.AppStore|iPhoneSimulator.ActiveCfg = Release|Any CPU
		{B8C7CFE8-ED4C-4C86-B9CC-220261B1E73C}.AppStore|iPhoneSimulator.Build.0 = Release|Any CPU
		{B8C7CFE8-ED4C-4C86-B9CC-220261B1E73C}.AppStore|x64.ActiveCfg = Release|Any CPU
		{B8C7CFE8-ED4C-4C86-B9CC-220261B1E73C}.AppStore|x64.Build.0 = Release|Any CPU
		{B8C7CFE8-ED4C-4C86-B9CC-220261B1E73C}.AppStore|x86.ActiveCfg = Release|Any CPU
		{B8C7CFE8-ED4C-4C86-B9CC-220261B1E73C}.AppStore|x86.Build.0 = Release|Any CPU
		{B8C7CFE8-ED4C-4C86-B9CC-220261B1E73C}.Debug|Any CPU.ActiveCfg = Debug|Any CPU
		{B8C7CFE8-ED4C-4C86-B9CC-220261B1E73C}.Debug|Any CPU.Build.0 = Debug|Any CPU
		{B8C7CFE8-ED4C-4C86-B9CC-220261B1E73C}.Debug|ARM.ActiveCfg = Debug|Any CPU
		{B8C7CFE8-ED4C-4C86-B9CC-220261B1E73C}.Debug|ARM.Build.0 = Debug|Any CPU
		{B8C7CFE8-ED4C-4C86-B9CC-220261B1E73C}.Debug|iPhone.ActiveCfg = Debug|Any CPU
		{B8C7CFE8-ED4C-4C86-B9CC-220261B1E73C}.Debug|iPhone.Build.0 = Debug|Any CPU
		{B8C7CFE8-ED4C-4C86-B9CC-220261B1E73C}.Debug|iPhoneSimulator.ActiveCfg = Debug|Any CPU
		{B8C7CFE8-ED4C-4C86-B9CC-220261B1E73C}.Debug|iPhoneSimulator.Build.0 = Debug|Any CPU
		{B8C7CFE8-ED4C-4C86-B9CC-220261B1E73C}.Debug|x64.ActiveCfg = Debug|Any CPU
		{B8C7CFE8-ED4C-4C86-B9CC-220261B1E73C}.Debug|x64.Build.0 = Debug|Any CPU
		{B8C7CFE8-ED4C-4C86-B9CC-220261B1E73C}.Debug|x86.ActiveCfg = Debug|Any CPU
		{B8C7CFE8-ED4C-4C86-B9CC-220261B1E73C}.Debug|x86.Build.0 = Debug|Any CPU
		{B8C7CFE8-ED4C-4C86-B9CC-220261B1E73C}.Release|Any CPU.ActiveCfg = Release|Any CPU
		{B8C7CFE8-ED4C-4C86-B9CC-220261B1E73C}.Release|Any CPU.Build.0 = Release|Any CPU
		{B8C7CFE8-ED4C-4C86-B9CC-220261B1E73C}.Release|ARM.ActiveCfg = Release|Any CPU
		{B8C7CFE8-ED4C-4C86-B9CC-220261B1E73C}.Release|ARM.Build.0 = Release|Any CPU
		{B8C7CFE8-ED4C-4C86-B9CC-220261B1E73C}.Release|iPhone.ActiveCfg = Release|Any CPU
		{B8C7CFE8-ED4C-4C86-B9CC-220261B1E73C}.Release|iPhone.Build.0 = Release|Any CPU
		{B8C7CFE8-ED4C-4C86-B9CC-220261B1E73C}.Release|iPhoneSimulator.ActiveCfg = Release|Any CPU
		{B8C7CFE8-ED4C-4C86-B9CC-220261B1E73C}.Release|iPhoneSimulator.Build.0 = Release|Any CPU
		{B8C7CFE8-ED4C-4C86-B9CC-220261B1E73C}.Release|x64.ActiveCfg = Release|Any CPU
		{B8C7CFE8-ED4C-4C86-B9CC-220261B1E73C}.Release|x64.Build.0 = Release|Any CPU
		{B8C7CFE8-ED4C-4C86-B9CC-220261B1E73C}.Release|x86.ActiveCfg = Release|Any CPU
		{B8C7CFE8-ED4C-4C86-B9CC-220261B1E73C}.Release|x86.Build.0 = Release|Any CPU
		{AE06B709-0BF2-4708-9E3F-00733157EAE3}.Ad-Hoc|Any CPU.ActiveCfg = Release|Any CPU
		{AE06B709-0BF2-4708-9E3F-00733157EAE3}.Ad-Hoc|Any CPU.Build.0 = Release|Any CPU
		{AE06B709-0BF2-4708-9E3F-00733157EAE3}.Ad-Hoc|ARM.ActiveCfg = Release|Any CPU
		{AE06B709-0BF2-4708-9E3F-00733157EAE3}.Ad-Hoc|ARM.Build.0 = Release|Any CPU
		{AE06B709-0BF2-4708-9E3F-00733157EAE3}.Ad-Hoc|iPhone.ActiveCfg = Release|Any CPU
		{AE06B709-0BF2-4708-9E3F-00733157EAE3}.Ad-Hoc|iPhone.Build.0 = Release|Any CPU
		{AE06B709-0BF2-4708-9E3F-00733157EAE3}.Ad-Hoc|iPhoneSimulator.ActiveCfg = Release|Any CPU
		{AE06B709-0BF2-4708-9E3F-00733157EAE3}.Ad-Hoc|iPhoneSimulator.Build.0 = Release|Any CPU
		{AE06B709-0BF2-4708-9E3F-00733157EAE3}.Ad-Hoc|x64.ActiveCfg = Release|Any CPU
		{AE06B709-0BF2-4708-9E3F-00733157EAE3}.Ad-Hoc|x64.Build.0 = Release|Any CPU
		{AE06B709-0BF2-4708-9E3F-00733157EAE3}.Ad-Hoc|x86.ActiveCfg = Release|Any CPU
		{AE06B709-0BF2-4708-9E3F-00733157EAE3}.Ad-Hoc|x86.Build.0 = Release|Any CPU
		{AE06B709-0BF2-4708-9E3F-00733157EAE3}.AppStore|Any CPU.ActiveCfg = Release|Any CPU
		{AE06B709-0BF2-4708-9E3F-00733157EAE3}.AppStore|Any CPU.Build.0 = Release|Any CPU
		{AE06B709-0BF2-4708-9E3F-00733157EAE3}.AppStore|ARM.ActiveCfg = Release|Any CPU
		{AE06B709-0BF2-4708-9E3F-00733157EAE3}.AppStore|ARM.Build.0 = Release|Any CPU
		{AE06B709-0BF2-4708-9E3F-00733157EAE3}.AppStore|iPhone.ActiveCfg = Release|Any CPU
		{AE06B709-0BF2-4708-9E3F-00733157EAE3}.AppStore|iPhone.Build.0 = Release|Any CPU
		{AE06B709-0BF2-4708-9E3F-00733157EAE3}.AppStore|iPhoneSimulator.ActiveCfg = Release|Any CPU
		{AE06B709-0BF2-4708-9E3F-00733157EAE3}.AppStore|iPhoneSimulator.Build.0 = Release|Any CPU
		{AE06B709-0BF2-4708-9E3F-00733157EAE3}.AppStore|x64.ActiveCfg = Release|Any CPU
		{AE06B709-0BF2-4708-9E3F-00733157EAE3}.AppStore|x64.Build.0 = Release|Any CPU
		{AE06B709-0BF2-4708-9E3F-00733157EAE3}.AppStore|x86.ActiveCfg = Release|Any CPU
		{AE06B709-0BF2-4708-9E3F-00733157EAE3}.AppStore|x86.Build.0 = Release|Any CPU
		{AE06B709-0BF2-4708-9E3F-00733157EAE3}.Debug|Any CPU.ActiveCfg = Debug|Any CPU
		{AE06B709-0BF2-4708-9E3F-00733157EAE3}.Debug|Any CPU.Build.0 = Debug|Any CPU
		{AE06B709-0BF2-4708-9E3F-00733157EAE3}.Debug|ARM.ActiveCfg = Debug|Any CPU
		{AE06B709-0BF2-4708-9E3F-00733157EAE3}.Debug|ARM.Build.0 = Debug|Any CPU
		{AE06B709-0BF2-4708-9E3F-00733157EAE3}.Debug|iPhone.ActiveCfg = Debug|Any CPU
		{AE06B709-0BF2-4708-9E3F-00733157EAE3}.Debug|iPhone.Build.0 = Debug|Any CPU
		{AE06B709-0BF2-4708-9E3F-00733157EAE3}.Debug|iPhoneSimulator.ActiveCfg = Debug|Any CPU
		{AE06B709-0BF2-4708-9E3F-00733157EAE3}.Debug|iPhoneSimulator.Build.0 = Debug|Any CPU
		{AE06B709-0BF2-4708-9E3F-00733157EAE3}.Debug|x64.ActiveCfg = Debug|Any CPU
		{AE06B709-0BF2-4708-9E3F-00733157EAE3}.Debug|x64.Build.0 = Debug|Any CPU
		{AE06B709-0BF2-4708-9E3F-00733157EAE3}.Debug|x86.ActiveCfg = Debug|Any CPU
		{AE06B709-0BF2-4708-9E3F-00733157EAE3}.Debug|x86.Build.0 = Debug|Any CPU
		{AE06B709-0BF2-4708-9E3F-00733157EAE3}.Release|Any CPU.ActiveCfg = Release|Any CPU
		{AE06B709-0BF2-4708-9E3F-00733157EAE3}.Release|Any CPU.Build.0 = Release|Any CPU
		{AE06B709-0BF2-4708-9E3F-00733157EAE3}.Release|ARM.ActiveCfg = Release|Any CPU
		{AE06B709-0BF2-4708-9E3F-00733157EAE3}.Release|ARM.Build.0 = Release|Any CPU
		{AE06B709-0BF2-4708-9E3F-00733157EAE3}.Release|iPhone.ActiveCfg = Release|Any CPU
		{AE06B709-0BF2-4708-9E3F-00733157EAE3}.Release|iPhone.Build.0 = Release|Any CPU
		{AE06B709-0BF2-4708-9E3F-00733157EAE3}.Release|iPhoneSimulator.ActiveCfg = Release|Any CPU
		{AE06B709-0BF2-4708-9E3F-00733157EAE3}.Release|iPhoneSimulator.Build.0 = Release|Any CPU
		{AE06B709-0BF2-4708-9E3F-00733157EAE3}.Release|x64.ActiveCfg = Release|Any CPU
		{AE06B709-0BF2-4708-9E3F-00733157EAE3}.Release|x64.Build.0 = Release|Any CPU
		{AE06B709-0BF2-4708-9E3F-00733157EAE3}.Release|x86.ActiveCfg = Release|Any CPU
		{AE06B709-0BF2-4708-9E3F-00733157EAE3}.Release|x86.Build.0 = Release|Any CPU
		{3B619F58-FA20-4ACB-AF3F-A47FF8B4B819}.Ad-Hoc|Any CPU.ActiveCfg = Release|Any CPU
		{3B619F58-FA20-4ACB-AF3F-A47FF8B4B819}.Ad-Hoc|Any CPU.Build.0 = Release|Any CPU
		{3B619F58-FA20-4ACB-AF3F-A47FF8B4B819}.Ad-Hoc|ARM.ActiveCfg = Release|Any CPU
		{3B619F58-FA20-4ACB-AF3F-A47FF8B4B819}.Ad-Hoc|ARM.Build.0 = Release|Any CPU
		{3B619F58-FA20-4ACB-AF3F-A47FF8B4B819}.Ad-Hoc|iPhone.ActiveCfg = Release|Any CPU
		{3B619F58-FA20-4ACB-AF3F-A47FF8B4B819}.Ad-Hoc|iPhone.Build.0 = Release|Any CPU
		{3B619F58-FA20-4ACB-AF3F-A47FF8B4B819}.Ad-Hoc|iPhoneSimulator.ActiveCfg = Release|Any CPU
		{3B619F58-FA20-4ACB-AF3F-A47FF8B4B819}.Ad-Hoc|iPhoneSimulator.Build.0 = Release|Any CPU
		{3B619F58-FA20-4ACB-AF3F-A47FF8B4B819}.Ad-Hoc|x64.ActiveCfg = Release|Any CPU
		{3B619F58-FA20-4ACB-AF3F-A47FF8B4B819}.Ad-Hoc|x64.Build.0 = Release|Any CPU
		{3B619F58-FA20-4ACB-AF3F-A47FF8B4B819}.Ad-Hoc|x86.ActiveCfg = Release|Any CPU
		{3B619F58-FA20-4ACB-AF3F-A47FF8B4B819}.Ad-Hoc|x86.Build.0 = Release|Any CPU
		{3B619F58-FA20-4ACB-AF3F-A47FF8B4B819}.AppStore|Any CPU.ActiveCfg = Release|Any CPU
		{3B619F58-FA20-4ACB-AF3F-A47FF8B4B819}.AppStore|Any CPU.Build.0 = Release|Any CPU
		{3B619F58-FA20-4ACB-AF3F-A47FF8B4B819}.AppStore|ARM.ActiveCfg = Release|Any CPU
		{3B619F58-FA20-4ACB-AF3F-A47FF8B4B819}.AppStore|ARM.Build.0 = Release|Any CPU
		{3B619F58-FA20-4ACB-AF3F-A47FF8B4B819}.AppStore|iPhone.ActiveCfg = Release|Any CPU
		{3B619F58-FA20-4ACB-AF3F-A47FF8B4B819}.AppStore|iPhone.Build.0 = Release|Any CPU
		{3B619F58-FA20-4ACB-AF3F-A47FF8B4B819}.AppStore|iPhoneSimulator.ActiveCfg = Release|Any CPU
		{3B619F58-FA20-4ACB-AF3F-A47FF8B4B819}.AppStore|iPhoneSimulator.Build.0 = Release|Any CPU
		{3B619F58-FA20-4ACB-AF3F-A47FF8B4B819}.AppStore|x64.ActiveCfg = Release|Any CPU
		{3B619F58-FA20-4ACB-AF3F-A47FF8B4B819}.AppStore|x64.Build.0 = Release|Any CPU
		{3B619F58-FA20-4ACB-AF3F-A47FF8B4B819}.AppStore|x86.ActiveCfg = Release|Any CPU
		{3B619F58-FA20-4ACB-AF3F-A47FF8B4B819}.AppStore|x86.Build.0 = Release|Any CPU
		{3B619F58-FA20-4ACB-AF3F-A47FF8B4B819}.Debug|Any CPU.ActiveCfg = Debug|Any CPU
		{3B619F58-FA20-4ACB-AF3F-A47FF8B4B819}.Debug|Any CPU.Build.0 = Debug|Any CPU
		{3B619F58-FA20-4ACB-AF3F-A47FF8B4B819}.Debug|ARM.ActiveCfg = Debug|Any CPU
		{3B619F58-FA20-4ACB-AF3F-A47FF8B4B819}.Debug|ARM.Build.0 = Debug|Any CPU
		{3B619F58-FA20-4ACB-AF3F-A47FF8B4B819}.Debug|iPhone.ActiveCfg = Debug|Any CPU
		{3B619F58-FA20-4ACB-AF3F-A47FF8B4B819}.Debug|iPhone.Build.0 = Debug|Any CPU
		{3B619F58-FA20-4ACB-AF3F-A47FF8B4B819}.Debug|iPhoneSimulator.ActiveCfg = Debug|Any CPU
		{3B619F58-FA20-4ACB-AF3F-A47FF8B4B819}.Debug|iPhoneSimulator.Build.0 = Debug|Any CPU
		{3B619F58-FA20-4ACB-AF3F-A47FF8B4B819}.Debug|x64.ActiveCfg = Debug|Any CPU
		{3B619F58-FA20-4ACB-AF3F-A47FF8B4B819}.Debug|x64.Build.0 = Debug|Any CPU
		{3B619F58-FA20-4ACB-AF3F-A47FF8B4B819}.Debug|x86.ActiveCfg = Debug|Any CPU
		{3B619F58-FA20-4ACB-AF3F-A47FF8B4B819}.Debug|x86.Build.0 = Debug|Any CPU
		{3B619F58-FA20-4ACB-AF3F-A47FF8B4B819}.Release|Any CPU.ActiveCfg = Release|Any CPU
		{3B619F58-FA20-4ACB-AF3F-A47FF8B4B819}.Release|Any CPU.Build.0 = Release|Any CPU
		{3B619F58-FA20-4ACB-AF3F-A47FF8B4B819}.Release|ARM.ActiveCfg = Release|Any CPU
		{3B619F58-FA20-4ACB-AF3F-A47FF8B4B819}.Release|ARM.Build.0 = Release|Any CPU
		{3B619F58-FA20-4ACB-AF3F-A47FF8B4B819}.Release|iPhone.ActiveCfg = Release|Any CPU
		{3B619F58-FA20-4ACB-AF3F-A47FF8B4B819}.Release|iPhone.Build.0 = Release|Any CPU
		{3B619F58-FA20-4ACB-AF3F-A47FF8B4B819}.Release|iPhoneSimulator.ActiveCfg = Release|Any CPU
		{3B619F58-FA20-4ACB-AF3F-A47FF8B4B819}.Release|iPhoneSimulator.Build.0 = Release|Any CPU
		{3B619F58-FA20-4ACB-AF3F-A47FF8B4B819}.Release|x64.ActiveCfg = Release|Any CPU
		{3B619F58-FA20-4ACB-AF3F-A47FF8B4B819}.Release|x64.Build.0 = Release|Any CPU
		{3B619F58-FA20-4ACB-AF3F-A47FF8B4B819}.Release|x86.ActiveCfg = Release|Any CPU
		{3B619F58-FA20-4ACB-AF3F-A47FF8B4B819}.Release|x86.Build.0 = Release|Any CPU
		{0A4BC443-9F13-4F96-9071-15F2D48A6EBA}.Ad-Hoc|Any CPU.ActiveCfg = Release|Any CPU
		{0A4BC443-9F13-4F96-9071-15F2D48A6EBA}.Ad-Hoc|Any CPU.Build.0 = Release|Any CPU
		{0A4BC443-9F13-4F96-9071-15F2D48A6EBA}.Ad-Hoc|ARM.ActiveCfg = Release|Any CPU
		{0A4BC443-9F13-4F96-9071-15F2D48A6EBA}.Ad-Hoc|ARM.Build.0 = Release|Any CPU
		{0A4BC443-9F13-4F96-9071-15F2D48A6EBA}.Ad-Hoc|iPhone.ActiveCfg = Release|Any CPU
		{0A4BC443-9F13-4F96-9071-15F2D48A6EBA}.Ad-Hoc|iPhone.Build.0 = Release|Any CPU
		{0A4BC443-9F13-4F96-9071-15F2D48A6EBA}.Ad-Hoc|iPhoneSimulator.ActiveCfg = Release|Any CPU
		{0A4BC443-9F13-4F96-9071-15F2D48A6EBA}.Ad-Hoc|iPhoneSimulator.Build.0 = Release|Any CPU
		{0A4BC443-9F13-4F96-9071-15F2D48A6EBA}.Ad-Hoc|x64.ActiveCfg = Release|Any CPU
		{0A4BC443-9F13-4F96-9071-15F2D48A6EBA}.Ad-Hoc|x64.Build.0 = Release|Any CPU
		{0A4BC443-9F13-4F96-9071-15F2D48A6EBA}.Ad-Hoc|x86.ActiveCfg = Release|Any CPU
		{0A4BC443-9F13-4F96-9071-15F2D48A6EBA}.Ad-Hoc|x86.Build.0 = Release|Any CPU
		{0A4BC443-9F13-4F96-9071-15F2D48A6EBA}.AppStore|Any CPU.ActiveCfg = Release|Any CPU
		{0A4BC443-9F13-4F96-9071-15F2D48A6EBA}.AppStore|Any CPU.Build.0 = Release|Any CPU
		{0A4BC443-9F13-4F96-9071-15F2D48A6EBA}.AppStore|ARM.ActiveCfg = Release|Any CPU
		{0A4BC443-9F13-4F96-9071-15F2D48A6EBA}.AppStore|ARM.Build.0 = Release|Any CPU
		{0A4BC443-9F13-4F96-9071-15F2D48A6EBA}.AppStore|iPhone.ActiveCfg = Release|Any CPU
		{0A4BC443-9F13-4F96-9071-15F2D48A6EBA}.AppStore|iPhone.Build.0 = Release|Any CPU
		{0A4BC443-9F13-4F96-9071-15F2D48A6EBA}.AppStore|iPhoneSimulator.ActiveCfg = Release|Any CPU
		{0A4BC443-9F13-4F96-9071-15F2D48A6EBA}.AppStore|iPhoneSimulator.Build.0 = Release|Any CPU
		{0A4BC443-9F13-4F96-9071-15F2D48A6EBA}.AppStore|x64.ActiveCfg = Release|Any CPU
		{0A4BC443-9F13-4F96-9071-15F2D48A6EBA}.AppStore|x64.Build.0 = Release|Any CPU
		{0A4BC443-9F13-4F96-9071-15F2D48A6EBA}.AppStore|x86.ActiveCfg = Release|Any CPU
		{0A4BC443-9F13-4F96-9071-15F2D48A6EBA}.AppStore|x86.Build.0 = Release|Any CPU
		{0A4BC443-9F13-4F96-9071-15F2D48A6EBA}.Debug|Any CPU.ActiveCfg = Debug|Any CPU
		{0A4BC443-9F13-4F96-9071-15F2D48A6EBA}.Debug|Any CPU.Build.0 = Debug|Any CPU
		{0A4BC443-9F13-4F96-9071-15F2D48A6EBA}.Debug|ARM.ActiveCfg = Debug|Any CPU
		{0A4BC443-9F13-4F96-9071-15F2D48A6EBA}.Debug|ARM.Build.0 = Debug|Any CPU
		{0A4BC443-9F13-4F96-9071-15F2D48A6EBA}.Debug|iPhone.ActiveCfg = Debug|Any CPU
		{0A4BC443-9F13-4F96-9071-15F2D48A6EBA}.Debug|iPhone.Build.0 = Debug|Any CPU
		{0A4BC443-9F13-4F96-9071-15F2D48A6EBA}.Debug|iPhoneSimulator.ActiveCfg = Debug|Any CPU
		{0A4BC443-9F13-4F96-9071-15F2D48A6EBA}.Debug|iPhoneSimulator.Build.0 = Debug|Any CPU
		{0A4BC443-9F13-4F96-9071-15F2D48A6EBA}.Debug|x64.ActiveCfg = Debug|Any CPU
		{0A4BC443-9F13-4F96-9071-15F2D48A6EBA}.Debug|x64.Build.0 = Debug|Any CPU
		{0A4BC443-9F13-4F96-9071-15F2D48A6EBA}.Debug|x86.ActiveCfg = Debug|Any CPU
		{0A4BC443-9F13-4F96-9071-15F2D48A6EBA}.Debug|x86.Build.0 = Debug|Any CPU
		{0A4BC443-9F13-4F96-9071-15F2D48A6EBA}.Release|Any CPU.ActiveCfg = Release|Any CPU
		{0A4BC443-9F13-4F96-9071-15F2D48A6EBA}.Release|Any CPU.Build.0 = Release|Any CPU
		{0A4BC443-9F13-4F96-9071-15F2D48A6EBA}.Release|ARM.ActiveCfg = Release|Any CPU
		{0A4BC443-9F13-4F96-9071-15F2D48A6EBA}.Release|ARM.Build.0 = Release|Any CPU
		{0A4BC443-9F13-4F96-9071-15F2D48A6EBA}.Release|iPhone.ActiveCfg = Release|Any CPU
		{0A4BC443-9F13-4F96-9071-15F2D48A6EBA}.Release|iPhone.Build.0 = Release|Any CPU
		{0A4BC443-9F13-4F96-9071-15F2D48A6EBA}.Release|iPhoneSimulator.ActiveCfg = Release|Any CPU
		{0A4BC443-9F13-4F96-9071-15F2D48A6EBA}.Release|iPhoneSimulator.Build.0 = Release|Any CPU
		{0A4BC443-9F13-4F96-9071-15F2D48A6EBA}.Release|x64.ActiveCfg = Release|Any CPU
		{0A4BC443-9F13-4F96-9071-15F2D48A6EBA}.Release|x64.Build.0 = Release|Any CPU
		{0A4BC443-9F13-4F96-9071-15F2D48A6EBA}.Release|x86.ActiveCfg = Release|Any CPU
		{0A4BC443-9F13-4F96-9071-15F2D48A6EBA}.Release|x86.Build.0 = Release|Any CPU
		{8D5466A4-333A-436F-A645-16246DBDD426}.Ad-Hoc|Any CPU.ActiveCfg = Release|Any CPU
		{8D5466A4-333A-436F-A645-16246DBDD426}.Ad-Hoc|Any CPU.Build.0 = Release|Any CPU
		{8D5466A4-333A-436F-A645-16246DBDD426}.Ad-Hoc|ARM.ActiveCfg = Release|Any CPU
		{8D5466A4-333A-436F-A645-16246DBDD426}.Ad-Hoc|ARM.Build.0 = Release|Any CPU
		{8D5466A4-333A-436F-A645-16246DBDD426}.Ad-Hoc|iPhone.ActiveCfg = Release|Any CPU
		{8D5466A4-333A-436F-A645-16246DBDD426}.Ad-Hoc|iPhone.Build.0 = Release|Any CPU
		{8D5466A4-333A-436F-A645-16246DBDD426}.Ad-Hoc|iPhoneSimulator.ActiveCfg = Release|Any CPU
		{8D5466A4-333A-436F-A645-16246DBDD426}.Ad-Hoc|iPhoneSimulator.Build.0 = Release|Any CPU
		{8D5466A4-333A-436F-A645-16246DBDD426}.Ad-Hoc|x64.ActiveCfg = Release|Any CPU
		{8D5466A4-333A-436F-A645-16246DBDD426}.Ad-Hoc|x64.Build.0 = Release|Any CPU
		{8D5466A4-333A-436F-A645-16246DBDD426}.Ad-Hoc|x86.ActiveCfg = Release|Any CPU
		{8D5466A4-333A-436F-A645-16246DBDD426}.Ad-Hoc|x86.Build.0 = Release|Any CPU
		{8D5466A4-333A-436F-A645-16246DBDD426}.AppStore|Any CPU.ActiveCfg = Release|Any CPU
		{8D5466A4-333A-436F-A645-16246DBDD426}.AppStore|Any CPU.Build.0 = Release|Any CPU
		{8D5466A4-333A-436F-A645-16246DBDD426}.AppStore|ARM.ActiveCfg = Release|Any CPU
		{8D5466A4-333A-436F-A645-16246DBDD426}.AppStore|ARM.Build.0 = Release|Any CPU
		{8D5466A4-333A-436F-A645-16246DBDD426}.AppStore|iPhone.ActiveCfg = Release|Any CPU
		{8D5466A4-333A-436F-A645-16246DBDD426}.AppStore|iPhone.Build.0 = Release|Any CPU
		{8D5466A4-333A-436F-A645-16246DBDD426}.AppStore|iPhoneSimulator.ActiveCfg = Release|Any CPU
		{8D5466A4-333A-436F-A645-16246DBDD426}.AppStore|iPhoneSimulator.Build.0 = Release|Any CPU
		{8D5466A4-333A-436F-A645-16246DBDD426}.AppStore|x64.ActiveCfg = Release|Any CPU
		{8D5466A4-333A-436F-A645-16246DBDD426}.AppStore|x64.Build.0 = Release|Any CPU
		{8D5466A4-333A-436F-A645-16246DBDD426}.AppStore|x86.ActiveCfg = Release|Any CPU
		{8D5466A4-333A-436F-A645-16246DBDD426}.AppStore|x86.Build.0 = Release|Any CPU
		{8D5466A4-333A-436F-A645-16246DBDD426}.Debug|Any CPU.ActiveCfg = Debug|Any CPU
		{8D5466A4-333A-436F-A645-16246DBDD426}.Debug|Any CPU.Build.0 = Debug|Any CPU
		{8D5466A4-333A-436F-A645-16246DBDD426}.Debug|ARM.ActiveCfg = Debug|Any CPU
		{8D5466A4-333A-436F-A645-16246DBDD426}.Debug|ARM.Build.0 = Debug|Any CPU
		{8D5466A4-333A-436F-A645-16246DBDD426}.Debug|iPhone.ActiveCfg = Debug|Any CPU
		{8D5466A4-333A-436F-A645-16246DBDD426}.Debug|iPhone.Build.0 = Debug|Any CPU
		{8D5466A4-333A-436F-A645-16246DBDD426}.Debug|iPhoneSimulator.ActiveCfg = Debug|Any CPU
		{8D5466A4-333A-436F-A645-16246DBDD426}.Debug|iPhoneSimulator.Build.0 = Debug|Any CPU
		{8D5466A4-333A-436F-A645-16246DBDD426}.Debug|x64.ActiveCfg = Debug|Any CPU
		{8D5466A4-333A-436F-A645-16246DBDD426}.Debug|x64.Build.0 = Debug|Any CPU
		{8D5466A4-333A-436F-A645-16246DBDD426}.Debug|x86.ActiveCfg = Debug|Any CPU
		{8D5466A4-333A-436F-A645-16246DBDD426}.Debug|x86.Build.0 = Debug|Any CPU
		{8D5466A4-333A-436F-A645-16246DBDD426}.Release|Any CPU.ActiveCfg = Release|Any CPU
		{8D5466A4-333A-436F-A645-16246DBDD426}.Release|Any CPU.Build.0 = Release|Any CPU
		{8D5466A4-333A-436F-A645-16246DBDD426}.Release|ARM.ActiveCfg = Release|Any CPU
		{8D5466A4-333A-436F-A645-16246DBDD426}.Release|ARM.Build.0 = Release|Any CPU
		{8D5466A4-333A-436F-A645-16246DBDD426}.Release|iPhone.ActiveCfg = Release|Any CPU
		{8D5466A4-333A-436F-A645-16246DBDD426}.Release|iPhone.Build.0 = Release|Any CPU
		{8D5466A4-333A-436F-A645-16246DBDD426}.Release|iPhoneSimulator.ActiveCfg = Release|Any CPU
		{8D5466A4-333A-436F-A645-16246DBDD426}.Release|iPhoneSimulator.Build.0 = Release|Any CPU
		{8D5466A4-333A-436F-A645-16246DBDD426}.Release|x64.ActiveCfg = Release|Any CPU
		{8D5466A4-333A-436F-A645-16246DBDD426}.Release|x64.Build.0 = Release|Any CPU
		{8D5466A4-333A-436F-A645-16246DBDD426}.Release|x86.ActiveCfg = Release|Any CPU
		{8D5466A4-333A-436F-A645-16246DBDD426}.Release|x86.Build.0 = Release|Any CPU
		{27C5BDBF-F4FE-4120-BE2C-780877E3C573}.Ad-Hoc|Any CPU.ActiveCfg = Release|Any CPU
		{27C5BDBF-F4FE-4120-BE2C-780877E3C573}.Ad-Hoc|Any CPU.Build.0 = Release|Any CPU
		{27C5BDBF-F4FE-4120-BE2C-780877E3C573}.Ad-Hoc|ARM.ActiveCfg = Release|Any CPU
		{27C5BDBF-F4FE-4120-BE2C-780877E3C573}.Ad-Hoc|ARM.Build.0 = Release|Any CPU
		{27C5BDBF-F4FE-4120-BE2C-780877E3C573}.Ad-Hoc|iPhone.ActiveCfg = Release|Any CPU
		{27C5BDBF-F4FE-4120-BE2C-780877E3C573}.Ad-Hoc|iPhone.Build.0 = Release|Any CPU
		{27C5BDBF-F4FE-4120-BE2C-780877E3C573}.Ad-Hoc|iPhoneSimulator.ActiveCfg = Release|Any CPU
		{27C5BDBF-F4FE-4120-BE2C-780877E3C573}.Ad-Hoc|iPhoneSimulator.Build.0 = Release|Any CPU
		{27C5BDBF-F4FE-4120-BE2C-780877E3C573}.Ad-Hoc|x64.ActiveCfg = Release|Any CPU
		{27C5BDBF-F4FE-4120-BE2C-780877E3C573}.Ad-Hoc|x64.Build.0 = Release|Any CPU
		{27C5BDBF-F4FE-4120-BE2C-780877E3C573}.Ad-Hoc|x86.ActiveCfg = Release|Any CPU
		{27C5BDBF-F4FE-4120-BE2C-780877E3C573}.Ad-Hoc|x86.Build.0 = Release|Any CPU
		{27C5BDBF-F4FE-4120-BE2C-780877E3C573}.AppStore|Any CPU.ActiveCfg = Release|Any CPU
		{27C5BDBF-F4FE-4120-BE2C-780877E3C573}.AppStore|Any CPU.Build.0 = Release|Any CPU
		{27C5BDBF-F4FE-4120-BE2C-780877E3C573}.AppStore|ARM.ActiveCfg = Release|Any CPU
		{27C5BDBF-F4FE-4120-BE2C-780877E3C573}.AppStore|ARM.Build.0 = Release|Any CPU
		{27C5BDBF-F4FE-4120-BE2C-780877E3C573}.AppStore|iPhone.ActiveCfg = Release|Any CPU
		{27C5BDBF-F4FE-4120-BE2C-780877E3C573}.AppStore|iPhone.Build.0 = Release|Any CPU
		{27C5BDBF-F4FE-4120-BE2C-780877E3C573}.AppStore|iPhoneSimulator.ActiveCfg = Release|Any CPU
		{27C5BDBF-F4FE-4120-BE2C-780877E3C573}.AppStore|iPhoneSimulator.Build.0 = Release|Any CPU
		{27C5BDBF-F4FE-4120-BE2C-780877E3C573}.AppStore|x64.ActiveCfg = Release|Any CPU
		{27C5BDBF-F4FE-4120-BE2C-780877E3C573}.AppStore|x64.Build.0 = Release|Any CPU
		{27C5BDBF-F4FE-4120-BE2C-780877E3C573}.AppStore|x86.ActiveCfg = Release|Any CPU
		{27C5BDBF-F4FE-4120-BE2C-780877E3C573}.AppStore|x86.Build.0 = Release|Any CPU
		{27C5BDBF-F4FE-4120-BE2C-780877E3C573}.Debug|Any CPU.ActiveCfg = Debug|Any CPU
		{27C5BDBF-F4FE-4120-BE2C-780877E3C573}.Debug|Any CPU.Build.0 = Debug|Any CPU
		{27C5BDBF-F4FE-4120-BE2C-780877E3C573}.Debug|ARM.ActiveCfg = Debug|Any CPU
		{27C5BDBF-F4FE-4120-BE2C-780877E3C573}.Debug|ARM.Build.0 = Debug|Any CPU
		{27C5BDBF-F4FE-4120-BE2C-780877E3C573}.Debug|iPhone.ActiveCfg = Debug|Any CPU
		{27C5BDBF-F4FE-4120-BE2C-780877E3C573}.Debug|iPhone.Build.0 = Debug|Any CPU
		{27C5BDBF-F4FE-4120-BE2C-780877E3C573}.Debug|iPhoneSimulator.ActiveCfg = Debug|Any CPU
		{27C5BDBF-F4FE-4120-BE2C-780877E3C573}.Debug|iPhoneSimulator.Build.0 = Debug|Any CPU
		{27C5BDBF-F4FE-4120-BE2C-780877E3C573}.Debug|x64.ActiveCfg = Debug|Any CPU
		{27C5BDBF-F4FE-4120-BE2C-780877E3C573}.Debug|x64.Build.0 = Debug|Any CPU
		{27C5BDBF-F4FE-4120-BE2C-780877E3C573}.Debug|x86.ActiveCfg = Debug|Any CPU
		{27C5BDBF-F4FE-4120-BE2C-780877E3C573}.Debug|x86.Build.0 = Debug|Any CPU
		{27C5BDBF-F4FE-4120-BE2C-780877E3C573}.Release|Any CPU.ActiveCfg = Release|Any CPU
		{27C5BDBF-F4FE-4120-BE2C-780877E3C573}.Release|Any CPU.Build.0 = Release|Any CPU
		{27C5BDBF-F4FE-4120-BE2C-780877E3C573}.Release|ARM.ActiveCfg = Release|Any CPU
		{27C5BDBF-F4FE-4120-BE2C-780877E3C573}.Release|ARM.Build.0 = Release|Any CPU
		{27C5BDBF-F4FE-4120-BE2C-780877E3C573}.Release|iPhone.ActiveCfg = Release|Any CPU
		{27C5BDBF-F4FE-4120-BE2C-780877E3C573}.Release|iPhone.Build.0 = Release|Any CPU
		{27C5BDBF-F4FE-4120-BE2C-780877E3C573}.Release|iPhoneSimulator.ActiveCfg = Release|Any CPU
		{27C5BDBF-F4FE-4120-BE2C-780877E3C573}.Release|iPhoneSimulator.Build.0 = Release|Any CPU
		{27C5BDBF-F4FE-4120-BE2C-780877E3C573}.Release|x64.ActiveCfg = Release|Any CPU
		{27C5BDBF-F4FE-4120-BE2C-780877E3C573}.Release|x64.Build.0 = Release|Any CPU
		{27C5BDBF-F4FE-4120-BE2C-780877E3C573}.Release|x86.ActiveCfg = Release|Any CPU
		{27C5BDBF-F4FE-4120-BE2C-780877E3C573}.Release|x86.Build.0 = Release|Any CPU
		{69D2A54D-0A36-46E5-BE91-3D56F316FE91}.Ad-Hoc|Any CPU.ActiveCfg = Release|Any CPU
		{69D2A54D-0A36-46E5-BE91-3D56F316FE91}.Ad-Hoc|Any CPU.Build.0 = Release|Any CPU
		{69D2A54D-0A36-46E5-BE91-3D56F316FE91}.Ad-Hoc|ARM.ActiveCfg = Release|Any CPU
		{69D2A54D-0A36-46E5-BE91-3D56F316FE91}.Ad-Hoc|ARM.Build.0 = Release|Any CPU
		{69D2A54D-0A36-46E5-BE91-3D56F316FE91}.Ad-Hoc|iPhone.ActiveCfg = Release|Any CPU
		{69D2A54D-0A36-46E5-BE91-3D56F316FE91}.Ad-Hoc|iPhone.Build.0 = Release|Any CPU
		{69D2A54D-0A36-46E5-BE91-3D56F316FE91}.Ad-Hoc|iPhoneSimulator.ActiveCfg = Release|Any CPU
		{69D2A54D-0A36-46E5-BE91-3D56F316FE91}.Ad-Hoc|iPhoneSimulator.Build.0 = Release|Any CPU
		{69D2A54D-0A36-46E5-BE91-3D56F316FE91}.Ad-Hoc|x64.ActiveCfg = Release|Any CPU
		{69D2A54D-0A36-46E5-BE91-3D56F316FE91}.Ad-Hoc|x64.Build.0 = Release|Any CPU
		{69D2A54D-0A36-46E5-BE91-3D56F316FE91}.Ad-Hoc|x86.ActiveCfg = Release|Any CPU
		{69D2A54D-0A36-46E5-BE91-3D56F316FE91}.Ad-Hoc|x86.Build.0 = Release|Any CPU
		{69D2A54D-0A36-46E5-BE91-3D56F316FE91}.AppStore|Any CPU.ActiveCfg = Release|Any CPU
		{69D2A54D-0A36-46E5-BE91-3D56F316FE91}.AppStore|Any CPU.Build.0 = Release|Any CPU
		{69D2A54D-0A36-46E5-BE91-3D56F316FE91}.AppStore|ARM.ActiveCfg = Release|Any CPU
		{69D2A54D-0A36-46E5-BE91-3D56F316FE91}.AppStore|ARM.Build.0 = Release|Any CPU
		{69D2A54D-0A36-46E5-BE91-3D56F316FE91}.AppStore|iPhone.ActiveCfg = Release|Any CPU
		{69D2A54D-0A36-46E5-BE91-3D56F316FE91}.AppStore|iPhone.Build.0 = Release|Any CPU
		{69D2A54D-0A36-46E5-BE91-3D56F316FE91}.AppStore|iPhoneSimulator.ActiveCfg = Release|Any CPU
		{69D2A54D-0A36-46E5-BE91-3D56F316FE91}.AppStore|iPhoneSimulator.Build.0 = Release|Any CPU
		{69D2A54D-0A36-46E5-BE91-3D56F316FE91}.AppStore|x64.ActiveCfg = Release|Any CPU
		{69D2A54D-0A36-46E5-BE91-3D56F316FE91}.AppStore|x64.Build.0 = Release|Any CPU
		{69D2A54D-0A36-46E5-BE91-3D56F316FE91}.AppStore|x86.ActiveCfg = Release|Any CPU
		{69D2A54D-0A36-46E5-BE91-3D56F316FE91}.AppStore|x86.Build.0 = Release|Any CPU
		{69D2A54D-0A36-46E5-BE91-3D56F316FE91}.Debug|Any CPU.ActiveCfg = Debug|Any CPU
		{69D2A54D-0A36-46E5-BE91-3D56F316FE91}.Debug|Any CPU.Build.0 = Debug|Any CPU
		{69D2A54D-0A36-46E5-BE91-3D56F316FE91}.Debug|ARM.ActiveCfg = Debug|Any CPU
		{69D2A54D-0A36-46E5-BE91-3D56F316FE91}.Debug|ARM.Build.0 = Debug|Any CPU
		{69D2A54D-0A36-46E5-BE91-3D56F316FE91}.Debug|iPhone.ActiveCfg = Debug|Any CPU
		{69D2A54D-0A36-46E5-BE91-3D56F316FE91}.Debug|iPhone.Build.0 = Debug|Any CPU
		{69D2A54D-0A36-46E5-BE91-3D56F316FE91}.Debug|iPhoneSimulator.ActiveCfg = Debug|Any CPU
		{69D2A54D-0A36-46E5-BE91-3D56F316FE91}.Debug|iPhoneSimulator.Build.0 = Debug|Any CPU
		{69D2A54D-0A36-46E5-BE91-3D56F316FE91}.Debug|x64.ActiveCfg = Debug|Any CPU
		{69D2A54D-0A36-46E5-BE91-3D56F316FE91}.Debug|x64.Build.0 = Debug|Any CPU
		{69D2A54D-0A36-46E5-BE91-3D56F316FE91}.Debug|x86.ActiveCfg = Debug|Any CPU
		{69D2A54D-0A36-46E5-BE91-3D56F316FE91}.Debug|x86.Build.0 = Debug|Any CPU
		{69D2A54D-0A36-46E5-BE91-3D56F316FE91}.Release|Any CPU.ActiveCfg = Release|Any CPU
		{69D2A54D-0A36-46E5-BE91-3D56F316FE91}.Release|Any CPU.Build.0 = Release|Any CPU
		{69D2A54D-0A36-46E5-BE91-3D56F316FE91}.Release|ARM.ActiveCfg = Release|Any CPU
		{69D2A54D-0A36-46E5-BE91-3D56F316FE91}.Release|ARM.Build.0 = Release|Any CPU
		{69D2A54D-0A36-46E5-BE91-3D56F316FE91}.Release|iPhone.ActiveCfg = Release|Any CPU
		{69D2A54D-0A36-46E5-BE91-3D56F316FE91}.Release|iPhone.Build.0 = Release|Any CPU
		{69D2A54D-0A36-46E5-BE91-3D56F316FE91}.Release|iPhoneSimulator.ActiveCfg = Release|Any CPU
		{69D2A54D-0A36-46E5-BE91-3D56F316FE91}.Release|iPhoneSimulator.Build.0 = Release|Any CPU
		{69D2A54D-0A36-46E5-BE91-3D56F316FE91}.Release|x64.ActiveCfg = Release|Any CPU
		{69D2A54D-0A36-46E5-BE91-3D56F316FE91}.Release|x64.Build.0 = Release|Any CPU
		{69D2A54D-0A36-46E5-BE91-3D56F316FE91}.Release|x86.ActiveCfg = Release|Any CPU
		{69D2A54D-0A36-46E5-BE91-3D56F316FE91}.Release|x86.Build.0 = Release|Any CPU
		{D181E354-191B-4865-B762-CE366B9E83FC}.Ad-Hoc|Any CPU.ActiveCfg = Release|Any CPU
		{D181E354-191B-4865-B762-CE366B9E83FC}.Ad-Hoc|Any CPU.Build.0 = Release|Any CPU
		{D181E354-191B-4865-B762-CE366B9E83FC}.Ad-Hoc|ARM.ActiveCfg = Release|Any CPU
		{D181E354-191B-4865-B762-CE366B9E83FC}.Ad-Hoc|ARM.Build.0 = Release|Any CPU
		{D181E354-191B-4865-B762-CE366B9E83FC}.Ad-Hoc|iPhone.ActiveCfg = Release|Any CPU
		{D181E354-191B-4865-B762-CE366B9E83FC}.Ad-Hoc|iPhone.Build.0 = Release|Any CPU
		{D181E354-191B-4865-B762-CE366B9E83FC}.Ad-Hoc|iPhoneSimulator.ActiveCfg = Release|Any CPU
		{D181E354-191B-4865-B762-CE366B9E83FC}.Ad-Hoc|iPhoneSimulator.Build.0 = Release|Any CPU
		{D181E354-191B-4865-B762-CE366B9E83FC}.Ad-Hoc|x64.ActiveCfg = Release|Any CPU
		{D181E354-191B-4865-B762-CE366B9E83FC}.Ad-Hoc|x64.Build.0 = Release|Any CPU
		{D181E354-191B-4865-B762-CE366B9E83FC}.Ad-Hoc|x86.ActiveCfg = Release|Any CPU
		{D181E354-191B-4865-B762-CE366B9E83FC}.Ad-Hoc|x86.Build.0 = Release|Any CPU
		{D181E354-191B-4865-B762-CE366B9E83FC}.AppStore|Any CPU.ActiveCfg = Release|Any CPU
		{D181E354-191B-4865-B762-CE366B9E83FC}.AppStore|Any CPU.Build.0 = Release|Any CPU
		{D181E354-191B-4865-B762-CE366B9E83FC}.AppStore|ARM.ActiveCfg = Release|Any CPU
		{D181E354-191B-4865-B762-CE366B9E83FC}.AppStore|ARM.Build.0 = Release|Any CPU
		{D181E354-191B-4865-B762-CE366B9E83FC}.AppStore|iPhone.ActiveCfg = Release|Any CPU
		{D181E354-191B-4865-B762-CE366B9E83FC}.AppStore|iPhone.Build.0 = Release|Any CPU
		{D181E354-191B-4865-B762-CE366B9E83FC}.AppStore|iPhoneSimulator.ActiveCfg = Release|Any CPU
		{D181E354-191B-4865-B762-CE366B9E83FC}.AppStore|iPhoneSimulator.Build.0 = Release|Any CPU
		{D181E354-191B-4865-B762-CE366B9E83FC}.AppStore|x64.ActiveCfg = Release|Any CPU
		{D181E354-191B-4865-B762-CE366B9E83FC}.AppStore|x64.Build.0 = Release|Any CPU
		{D181E354-191B-4865-B762-CE366B9E83FC}.AppStore|x86.ActiveCfg = Release|Any CPU
		{D181E354-191B-4865-B762-CE366B9E83FC}.AppStore|x86.Build.0 = Release|Any CPU
		{D181E354-191B-4865-B762-CE366B9E83FC}.Debug|Any CPU.ActiveCfg = Debug|Any CPU
		{D181E354-191B-4865-B762-CE366B9E83FC}.Debug|Any CPU.Build.0 = Debug|Any CPU
		{D181E354-191B-4865-B762-CE366B9E83FC}.Debug|ARM.ActiveCfg = Debug|Any CPU
		{D181E354-191B-4865-B762-CE366B9E83FC}.Debug|ARM.Build.0 = Debug|Any CPU
		{D181E354-191B-4865-B762-CE366B9E83FC}.Debug|iPhone.ActiveCfg = Debug|Any CPU
		{D181E354-191B-4865-B762-CE366B9E83FC}.Debug|iPhone.Build.0 = Debug|Any CPU
		{D181E354-191B-4865-B762-CE366B9E83FC}.Debug|iPhoneSimulator.ActiveCfg = Debug|Any CPU
		{D181E354-191B-4865-B762-CE366B9E83FC}.Debug|iPhoneSimulator.Build.0 = Debug|Any CPU
		{D181E354-191B-4865-B762-CE366B9E83FC}.Debug|x64.ActiveCfg = Debug|Any CPU
		{D181E354-191B-4865-B762-CE366B9E83FC}.Debug|x64.Build.0 = Debug|Any CPU
		{D181E354-191B-4865-B762-CE366B9E83FC}.Debug|x86.ActiveCfg = Debug|Any CPU
		{D181E354-191B-4865-B762-CE366B9E83FC}.Debug|x86.Build.0 = Debug|Any CPU
		{D181E354-191B-4865-B762-CE366B9E83FC}.Release|Any CPU.ActiveCfg = Release|Any CPU
		{D181E354-191B-4865-B762-CE366B9E83FC}.Release|Any CPU.Build.0 = Release|Any CPU
		{D181E354-191B-4865-B762-CE366B9E83FC}.Release|ARM.ActiveCfg = Release|Any CPU
		{D181E354-191B-4865-B762-CE366B9E83FC}.Release|ARM.Build.0 = Release|Any CPU
		{D181E354-191B-4865-B762-CE366B9E83FC}.Release|iPhone.ActiveCfg = Release|Any CPU
		{D181E354-191B-4865-B762-CE366B9E83FC}.Release|iPhone.Build.0 = Release|Any CPU
		{D181E354-191B-4865-B762-CE366B9E83FC}.Release|iPhoneSimulator.ActiveCfg = Release|Any CPU
		{D181E354-191B-4865-B762-CE366B9E83FC}.Release|iPhoneSimulator.Build.0 = Release|Any CPU
		{D181E354-191B-4865-B762-CE366B9E83FC}.Release|x64.ActiveCfg = Release|Any CPU
		{D181E354-191B-4865-B762-CE366B9E83FC}.Release|x64.Build.0 = Release|Any CPU
		{D181E354-191B-4865-B762-CE366B9E83FC}.Release|x86.ActiveCfg = Release|Any CPU
		{D181E354-191B-4865-B762-CE366B9E83FC}.Release|x86.Build.0 = Release|Any CPU
		{3EDA778B-5558-4080-90BD-122429C895AD}.Ad-Hoc|Any CPU.ActiveCfg = Release|x86
		{3EDA778B-5558-4080-90BD-122429C895AD}.Ad-Hoc|Any CPU.Build.0 = Release|x86
		{3EDA778B-5558-4080-90BD-122429C895AD}.Ad-Hoc|Any CPU.Deploy.0 = Release|x86
		{3EDA778B-5558-4080-90BD-122429C895AD}.Ad-Hoc|ARM.ActiveCfg = Release|ARM
		{3EDA778B-5558-4080-90BD-122429C895AD}.Ad-Hoc|ARM.Build.0 = Release|ARM
		{3EDA778B-5558-4080-90BD-122429C895AD}.Ad-Hoc|ARM.Deploy.0 = Release|ARM
		{3EDA778B-5558-4080-90BD-122429C895AD}.Ad-Hoc|iPhone.ActiveCfg = Release|x86
		{3EDA778B-5558-4080-90BD-122429C895AD}.Ad-Hoc|iPhone.Build.0 = Release|x86
		{3EDA778B-5558-4080-90BD-122429C895AD}.Ad-Hoc|iPhone.Deploy.0 = Release|x86
		{3EDA778B-5558-4080-90BD-122429C895AD}.Ad-Hoc|iPhoneSimulator.ActiveCfg = Release|x86
		{3EDA778B-5558-4080-90BD-122429C895AD}.Ad-Hoc|iPhoneSimulator.Build.0 = Release|x86
		{3EDA778B-5558-4080-90BD-122429C895AD}.Ad-Hoc|iPhoneSimulator.Deploy.0 = Release|x86
		{3EDA778B-5558-4080-90BD-122429C895AD}.Ad-Hoc|x64.ActiveCfg = Release|x64
		{3EDA778B-5558-4080-90BD-122429C895AD}.Ad-Hoc|x64.Build.0 = Release|x64
		{3EDA778B-5558-4080-90BD-122429C895AD}.Ad-Hoc|x64.Deploy.0 = Release|x64
		{3EDA778B-5558-4080-90BD-122429C895AD}.Ad-Hoc|x86.ActiveCfg = Release|x86
		{3EDA778B-5558-4080-90BD-122429C895AD}.Ad-Hoc|x86.Build.0 = Release|x86
		{3EDA778B-5558-4080-90BD-122429C895AD}.Ad-Hoc|x86.Deploy.0 = Release|x86
		{3EDA778B-5558-4080-90BD-122429C895AD}.AppStore|Any CPU.ActiveCfg = Release|x86
		{3EDA778B-5558-4080-90BD-122429C895AD}.AppStore|Any CPU.Build.0 = Release|x86
		{3EDA778B-5558-4080-90BD-122429C895AD}.AppStore|Any CPU.Deploy.0 = Release|x86
		{3EDA778B-5558-4080-90BD-122429C895AD}.AppStore|ARM.ActiveCfg = Release|ARM
		{3EDA778B-5558-4080-90BD-122429C895AD}.AppStore|ARM.Build.0 = Release|ARM
		{3EDA778B-5558-4080-90BD-122429C895AD}.AppStore|ARM.Deploy.0 = Release|ARM
		{3EDA778B-5558-4080-90BD-122429C895AD}.AppStore|iPhone.ActiveCfg = Release|x86
		{3EDA778B-5558-4080-90BD-122429C895AD}.AppStore|iPhone.Build.0 = Release|x86
		{3EDA778B-5558-4080-90BD-122429C895AD}.AppStore|iPhone.Deploy.0 = Release|x86
		{3EDA778B-5558-4080-90BD-122429C895AD}.AppStore|iPhoneSimulator.ActiveCfg = Release|x86
		{3EDA778B-5558-4080-90BD-122429C895AD}.AppStore|iPhoneSimulator.Build.0 = Release|x86
		{3EDA778B-5558-4080-90BD-122429C895AD}.AppStore|iPhoneSimulator.Deploy.0 = Release|x86
		{3EDA778B-5558-4080-90BD-122429C895AD}.AppStore|x64.ActiveCfg = Release|x64
		{3EDA778B-5558-4080-90BD-122429C895AD}.AppStore|x64.Build.0 = Release|x64
		{3EDA778B-5558-4080-90BD-122429C895AD}.AppStore|x64.Deploy.0 = Release|x64
		{3EDA778B-5558-4080-90BD-122429C895AD}.AppStore|x86.ActiveCfg = Release|x86
		{3EDA778B-5558-4080-90BD-122429C895AD}.AppStore|x86.Build.0 = Release|x86
		{3EDA778B-5558-4080-90BD-122429C895AD}.AppStore|x86.Deploy.0 = Release|x86
		{3EDA778B-5558-4080-90BD-122429C895AD}.Debug|Any CPU.ActiveCfg = Debug|x86
		{3EDA778B-5558-4080-90BD-122429C895AD}.Debug|ARM.ActiveCfg = Debug|ARM
		{3EDA778B-5558-4080-90BD-122429C895AD}.Debug|ARM.Build.0 = Debug|ARM
		{3EDA778B-5558-4080-90BD-122429C895AD}.Debug|ARM.Deploy.0 = Debug|ARM
		{3EDA778B-5558-4080-90BD-122429C895AD}.Debug|iPhone.ActiveCfg = Debug|x86
		{3EDA778B-5558-4080-90BD-122429C895AD}.Debug|iPhoneSimulator.ActiveCfg = Debug|x86
		{3EDA778B-5558-4080-90BD-122429C895AD}.Debug|x64.ActiveCfg = Debug|x64
		{3EDA778B-5558-4080-90BD-122429C895AD}.Debug|x64.Build.0 = Debug|x64
		{3EDA778B-5558-4080-90BD-122429C895AD}.Debug|x64.Deploy.0 = Debug|x64
		{3EDA778B-5558-4080-90BD-122429C895AD}.Debug|x86.ActiveCfg = Debug|x86
		{3EDA778B-5558-4080-90BD-122429C895AD}.Debug|x86.Build.0 = Debug|x86
		{3EDA778B-5558-4080-90BD-122429C895AD}.Debug|x86.Deploy.0 = Debug|x86
		{3EDA778B-5558-4080-90BD-122429C895AD}.Release|Any CPU.ActiveCfg = Release|x86
		{3EDA778B-5558-4080-90BD-122429C895AD}.Release|ARM.ActiveCfg = Release|ARM
		{3EDA778B-5558-4080-90BD-122429C895AD}.Release|ARM.Build.0 = Release|ARM
		{3EDA778B-5558-4080-90BD-122429C895AD}.Release|ARM.Deploy.0 = Release|ARM
		{3EDA778B-5558-4080-90BD-122429C895AD}.Release|iPhone.ActiveCfg = Release|x86
		{3EDA778B-5558-4080-90BD-122429C895AD}.Release|iPhoneSimulator.ActiveCfg = Release|x86
		{3EDA778B-5558-4080-90BD-122429C895AD}.Release|x64.ActiveCfg = Release|x64
		{3EDA778B-5558-4080-90BD-122429C895AD}.Release|x64.Build.0 = Release|x64
		{3EDA778B-5558-4080-90BD-122429C895AD}.Release|x64.Deploy.0 = Release|x64
		{3EDA778B-5558-4080-90BD-122429C895AD}.Release|x86.ActiveCfg = Release|x86
		{3EDA778B-5558-4080-90BD-122429C895AD}.Release|x86.Build.0 = Release|x86
		{3EDA778B-5558-4080-90BD-122429C895AD}.Release|x86.Deploy.0 = Release|x86
	EndGlobalSection
	GlobalSection(SolutionProperties) = preSolution
		HideSolutionNode = FALSE
	EndGlobalSection
	GlobalSection(ExtensibilityGlobals) = postSolution
		SolutionGuid = {089044E8-3086-4569-949D-DFF8EF82DDBB}
	EndGlobalSection
EndGlobal
